<?xml version="1.0" encoding="utf-8"?>
<Project ToolsVersion="4.0" xmlns="http://schemas.microsoft.com/developer/msbuild/2003">
  <ItemGroup>
    <Filter Include="99.Defines">
      <UniqueIdentifier>{649787d6-ebad-45c1-b4f8-d1e84d57e4f4}</UniqueIdentifier>
    </Filter>
    <Filter Include="98.SuperClass">
      <UniqueIdentifier>{bace386e-bbe5-4a16-8ffd-68ec1f3acd5a}</UniqueIdentifier>
    </Filter>
    <Filter Include="01.Utility">
      <UniqueIdentifier>{4964a1e7-5206-4b22-881f-246564302202}</UniqueIdentifier>
    </Filter>
    <Filter Include="01.Utility\97. Frustum">
      <UniqueIdentifier>{73f10387-e9b9-46da-be7f-1ebc12c68f2a}</UniqueIdentifier>
    </Filter>
    <Filter Include="01.Utility\01. Levels">
      <UniqueIdentifier>{6810cfc5-c0a5-44e0-82b7-57b222979270}</UniqueIdentifier>
    </Filter>
    <Filter Include="01.Utility\00. System">
      <UniqueIdentifier>{35ee513f-5aac-4af2-905b-5f95977862bb}</UniqueIdentifier>
    </Filter>
    <Filter Include="01.Utility\00. GameInstance">
      <UniqueIdentifier>{92c34c4e-4cd4-4dd3-86ae-8027e485691f}</UniqueIdentifier>
    </Filter>
    <Filter Include="99.Defines\Headers">
      <UniqueIdentifier>{1e1eee22-1237-464d-b3d3-4b408e5607d9}</UniqueIdentifier>
    </Filter>
    <Filter Include="01.Utility\02. GameObjects">
      <UniqueIdentifier>{a155947e-e048-4b20-82fc-d304513b65f0}</UniqueIdentifier>
    </Filter>
    <Filter Include="01.Utility\03. Components">
      <UniqueIdentifier>{478a57c7-b399-455e-8fe6-f4ec8279fde0}</UniqueIdentifier>
    </Filter>
    <Filter Include="01.Utility\03. Components\02. Texture">
      <UniqueIdentifier>{39ddbaff-0892-459f-87ae-269edbb2cf87}</UniqueIdentifier>
    </Filter>
    <Filter Include="01.Utility\03. Components\01. Transform">
      <UniqueIdentifier>{9812f795-6e0c-4307-b2c9-31d3abe02197}</UniqueIdentifier>
    </Filter>
    <Filter Include="01.Utility\03. Components\03. VIBuffer">
      <UniqueIdentifier>{fffda8cb-67eb-41b5-b7c4-581ac03b6824}</UniqueIdentifier>
    </Filter>
    <Filter Include="01.Utility\03. Components\04. Shader">
      <UniqueIdentifier>{2a37b92c-7186-4f92-8b5e-ea1f19203cf6}</UniqueIdentifier>
    </Filter>
    <Filter Include="01.Utility\03. Components\05. Model">
      <UniqueIdentifier>{bf2b3153-88de-4261-ba79-1bad9d21a10f}</UniqueIdentifier>
    </Filter>
    <Filter Include="01.Utility\03. Components\03. VIBuffer\00. Rect">
      <UniqueIdentifier>{7d8de73a-6353-490b-b27b-517b129f04a7}</UniqueIdentifier>
    </Filter>
    <Filter Include="01.Utility\03. Components\05. Model\Animation">
      <UniqueIdentifier>{5138ccb7-46a4-44b6-adb4-aed0ba8c437e}</UniqueIdentifier>
    </Filter>
    <Filter Include="01.Utility\03. Components\05. Model\Animation\Channel">
      <UniqueIdentifier>{efc0fab4-8d16-46a1-a49a-05fe5bcff7b6}</UniqueIdentifier>
    </Filter>
    <Filter Include="01.Utility\00. System\02. PipeLine">
      <UniqueIdentifier>{81ed3f6a-c3ab-473e-8780-19d2d366df33}</UniqueIdentifier>
    </Filter>
    <Filter Include="01.Utility\00. System\01. Timers">
      <UniqueIdentifier>{e866536d-ab8e-4148-981e-1f306398c4b5}</UniqueIdentifier>
    </Filter>
    <Filter Include="01.Utility\00. System\01. Timers\Manager">
      <UniqueIdentifier>{565a55a0-3c4d-4cc5-8ffd-9408ceb84f2f}</UniqueIdentifier>
    </Filter>
    <Filter Include="01.Utility\00. System\00. Graphic">
      <UniqueIdentifier>{6f6540f5-39a7-470a-96c5-361d9f5543a8}</UniqueIdentifier>
    </Filter>
    <Filter Include="01.Utility\02. GameObjects\Camera">
      <UniqueIdentifier>{edd2a21d-0e21-4f15-932d-8fe1e44f849f}</UniqueIdentifier>
    </Filter>
    <Filter Include="01.Utility\03. Components\05. Model\VTF">
      <UniqueIdentifier>{a8dfdc55-476f-4ac5-9201-7c40b827fb78}</UniqueIdentifier>
    </Filter>
    <Filter Include="01.Utility\03. Components\05. Model\MeshContainer">
      <UniqueIdentifier>{00697d71-8722-4e46-a5ba-adac53577457}</UniqueIdentifier>
    </Filter>
    <Filter Include="01.Utility\03. Components\05. Model\Bone">
      <UniqueIdentifier>{e88858ac-f587-4d4b-8e4c-ceee47a20a64}</UniqueIdentifier>
    </Filter>
    <Filter Include="01.Utility\03. Components\06. Collider">
      <UniqueIdentifier>{c9d764b6-af68-4c8e-bd26-0f5f8d181b7b}</UniqueIdentifier>
    </Filter>
    <Filter Include="01.Utility\03. Components\06. Collider\Manager">
      <UniqueIdentifier>{1246e18d-f35b-4d18-a965-de0080691e17}</UniqueIdentifier>
    </Filter>
    <Filter Include="01.Utility\03. Components\05. Model\Animation\KeyFrameEvent">
      <UniqueIdentifier>{4767196d-fbf1-420b-ada3-7efd2edbe869}</UniqueIdentifier>
    </Filter>
    <Filter Include="01.Utility\00. System\03. Renderer">
      <UniqueIdentifier>{eeae3320-7892-4b29-97c3-6da0b42a4fa1}</UniqueIdentifier>
    </Filter>
    <Filter Include="01.Utility\03. Components\06. Collider\AABB">
      <UniqueIdentifier>{fb358b95-86b0-4948-9469-c18c89aeab8c}</UniqueIdentifier>
    </Filter>
    <Filter Include="01.Utility\03. Components\06. Collider\OBB">
      <UniqueIdentifier>{7da2b806-960f-45c1-a011-e426fb931ba1}</UniqueIdentifier>
    </Filter>
    <Filter Include="01.Utility\03. Components\06. Collider\Sphere">
      <UniqueIdentifier>{eee47528-78cb-46d2-9618-ed376d98e7b2}</UniqueIdentifier>
    </Filter>
    <Filter Include="01.Utility\00. System\04. PhysX">
      <UniqueIdentifier>{653726df-ba04-472f-8d9d-b8c38945afbe}</UniqueIdentifier>
    </Filter>
    <Filter Include="01.Utility\03. Components\06. Collider\DebugDraw">
      <UniqueIdentifier>{355c08dd-0b8f-4ac3-8753-a8f134d864de}</UniqueIdentifier>
    </Filter>
    <Filter Include="01.Utility\03. Components\03. VIBuffer\01. Point">
      <UniqueIdentifier>{28ec2a4b-1abd-47b4-a215-bf85fb1fbc66}</UniqueIdentifier>
    </Filter>
    <Filter Include="01.Utility\99. Managers">
      <UniqueIdentifier>{7d38d95a-08f0-481f-9521-972d1d711017}</UniqueIdentifier>
    </Filter>
    <Filter Include="01.Utility\99. Managers\01. Level_Manager">
      <UniqueIdentifier>{79f0aac4-6b35-40e9-ab9a-e9bce1a38974}</UniqueIdentifier>
    </Filter>
    <Filter Include="01.Utility\99. Managers\02. Object_Manager">
      <UniqueIdentifier>{c2b3dcf0-52db-49a1-a575-3ff052b08eec}</UniqueIdentifier>
    </Filter>
    <Filter Include="01.Utility\99. Managers\03. Component_Manager">
      <UniqueIdentifier>{267dbde0-afad-461a-8254-34304da8a2e9}</UniqueIdentifier>
    </Filter>
    <Filter Include="01.Utility\99. Managers\04. Key_Manager">
      <UniqueIdentifier>{9e947c6c-483f-43ac-85b7-f8bf45420a52}</UniqueIdentifier>
    </Filter>
    <Filter Include="01.Utility\99. Managers\05. Sound_Manager">
      <UniqueIdentifier>{7f64dab8-29de-4ad0-9d7c-b8b1bb151ead}</UniqueIdentifier>
    </Filter>
    <Filter Include="01.Utility\99. Managers\06. Target_Manager">
      <UniqueIdentifier>{b3eb5494-9a80-47e3-9418-6cd260dfb81b}</UniqueIdentifier>
    </Filter>
    <Filter Include="01.Utility\02. GameObjects\Layer">
      <UniqueIdentifier>{7bd5b2e1-f914-4816-9262-9d0a6cb7703b}</UniqueIdentifier>
    </Filter>
    <Filter Include="01.Utility\99. Managers\07. Collision_Manager">
      <UniqueIdentifier>{c0063b74-9ffe-4d54-8b94-b85647c1db49}</UniqueIdentifier>
    </Filter>
    <Filter Include="01.Utility\04. Sound">
      <UniqueIdentifier>{af6849f4-ee1b-4557-91aa-bcb35d8b9e89}</UniqueIdentifier>
    </Filter>
    <Filter Include="01.Utility\04. Sound\FMOD">
      <UniqueIdentifier>{30d00783-636b-4a1b-84b2-59726c1faaa7}</UniqueIdentifier>
    </Filter>
    <Filter Include="01.Utility\05. RenderTarget">
      <UniqueIdentifier>{7922820a-6027-4b03-92bc-439c7dc9d344}</UniqueIdentifier>
    </Filter>
  </ItemGroup>
  <ItemGroup>
    <ClInclude Include="..\Public\Base.h">
      <Filter>98.SuperClass</Filter>
    </ClInclude>
    <ClInclude Include="..\Public\Engine_Defines.h">
      <Filter>99.Defines</Filter>
    </ClInclude>
    <ClInclude Include="..\Public\Graphic_Device.h">
      <Filter>01.Utility\00. System\00. Graphic</Filter>
    </ClInclude>
    <ClInclude Include="..\public\GameInstance.h">
      <Filter>01.Utility\00. GameInstance</Filter>
    </ClInclude>
    <ClInclude Include="..\Public\Engine_Struct.h">
      <Filter>99.Defines</Filter>
    </ClInclude>
    <ClInclude Include="..\Public\Engine_Macro.h">
      <Filter>99.Defines</Filter>
    </ClInclude>
    <ClInclude Include="..\Public\Engine_Function.h">
      <Filter>99.Defines</Filter>
    </ClInclude>
    <ClInclude Include="..\Public\Engine_Typedef.h">
      <Filter>99.Defines</Filter>
    </ClInclude>
    <ClInclude Include="..\Public\Timer.h">
      <Filter>01.Utility\00. System\01. Timers</Filter>
    </ClInclude>
    <ClInclude Include="..\public\Timer_Manager.h">
      <Filter>01.Utility\00. System\01. Timers\Manager</Filter>
    </ClInclude>
    <ClInclude Include="..\public\GameObject.h">
      <Filter>01.Utility\02. GameObjects</Filter>
    </ClInclude>
    <ClInclude Include="..\public\Layer.h">
      <Filter>01.Utility\02. GameObjects\Layer</Filter>
    </ClInclude>
    <ClInclude Include="..\public\Component.h">
      <Filter>01.Utility\03. Components</Filter>
    </ClInclude>
    <ClInclude Include="..\Public\Sound.h">
      <Filter>01.Utility\04. Sound</Filter>
    </ClInclude>
    <ClInclude Include="..\Public\FMOD_Core.h">
      <Filter>01.Utility\04. Sound\FMOD</Filter>
    </ClInclude>
    <ClInclude Include="..\Public\Level.h">
      <Filter>01.Utility\01. Levels</Filter>
    </ClInclude>
    <ClInclude Include="..\Public\Manager_Headers.h">
      <Filter>99.Defines\Headers</Filter>
    </ClInclude>
    <ClInclude Include="..\Public\Components_Headers.h">
      <Filter>99.Defines\Headers</Filter>
    </ClInclude>
    <ClInclude Include="..\Public\Shader.h">
      <Filter>01.Utility\03. Components\04. Shader</Filter>
    </ClInclude>
    <ClInclude Include="..\Public\VIBuffer.h">
      <Filter>01.Utility\03. Components\03. VIBuffer</Filter>
    </ClInclude>
    <ClInclude Include="..\Public\Texture.h">
      <Filter>01.Utility\03. Components\02. Texture</Filter>
    </ClInclude>
    <ClInclude Include="..\Public\VIBuffer_Rect.h">
      <Filter>01.Utility\03. Components\03. VIBuffer\00. Rect</Filter>
    </ClInclude>
    <ClInclude Include="..\Public\Transform.h">
      <Filter>01.Utility\03. Components\01. Transform</Filter>
    </ClInclude>
    <ClInclude Include="..\Public\Model.h">
      <Filter>01.Utility\03. Components\05. Model</Filter>
    </ClInclude>
    <ClInclude Include="..\Public\MeshContainer.h">
      <Filter>01.Utility\03. Components\05. Model\MeshContainer</Filter>
    </ClInclude>
    <ClInclude Include="..\Public\Animation.h">
      <Filter>01.Utility\03. Components\05. Model\Animation</Filter>
    </ClInclude>
    <ClInclude Include="..\Public\Channel.h">
      <Filter>01.Utility\03. Components\05. Model\Animation\Channel</Filter>
    </ClInclude>
    <ClInclude Include="..\Public\PipeLine.h">
      <Filter>01.Utility\00. System\02. PipeLine</Filter>
    </ClInclude>
    <ClInclude Include="..\Public\MyCamera.h">
      <Filter>01.Utility\02. GameObjects\Camera</Filter>
    </ClInclude>
    <ClInclude Include="..\Public\Bone.h">
      <Filter>01.Utility\03. Components\05. Model\Bone</Filter>
    </ClInclude>
    <ClInclude Include="..\Public\VTF.h">
      <Filter>01.Utility\03. Components\05. Model\VTF</Filter>
    </ClInclude>
    <ClInclude Include="..\Public\Engine_Enums.h">
      <Filter>99.Defines</Filter>
    </ClInclude>
    <ClInclude Include="..\Public\KeyFrameEvent.h">
      <Filter>01.Utility\03. Components\05. Model\Animation\KeyFrameEvent</Filter>
    </ClInclude>
    <ClInclude Include="..\public\Renderer.h">
      <Filter>01.Utility\00. System\03. Renderer</Filter>
    </ClInclude>
    <ClInclude Include="..\Public\Collider.h">
      <Filter>01.Utility\03. Components\06. Collider</Filter>
    </ClInclude>
    <ClInclude Include="..\Public\Collision_Manager.h">
      <Filter>01.Utility\03. Components\06. Collider\Manager</Filter>
    </ClInclude>
    <ClInclude Include="..\Public\AABB.h">
      <Filter>01.Utility\03. Components\06. Collider\AABB</Filter>
    </ClInclude>
    <ClInclude Include="..\Public\Sphere.h">
      <Filter>01.Utility\03. Components\06. Collider\Sphere</Filter>
    </ClInclude>
    <ClInclude Include="..\Public\OBB.h">
      <Filter>01.Utility\03. Components\06. Collider\OBB</Filter>
    </ClInclude>
    <ClInclude Include="..\Public\PhysX_Manager.h">
      <Filter>01.Utility\00. System\04. PhysX</Filter>
    </ClInclude>
    <ClInclude Include="..\Public\DebugDraw.h">
      <Filter>01.Utility\03. Components\06. Collider\DebugDraw</Filter>
    </ClInclude>
    <ClInclude Include="..\Public\RenderTarget.h">
      <Filter>01.Utility\05. RenderTarget</Filter>
    </ClInclude>
    <ClInclude Include="..\Public\VIBuffer_Point.h">
      <Filter>01.Utility\03. Components\03. VIBuffer\01. Point</Filter>
    </ClInclude>
    <ClInclude Include="..\public\Level_Manager.h">
      <Filter>01.Utility\99. Managers\01. Level_Manager</Filter>
    </ClInclude>
    <ClInclude Include="..\public\Object_Manager.h">
      <Filter>01.Utility\99. Managers\02. Object_Manager</Filter>
    </ClInclude>
    <ClInclude Include="..\public\Component_Manager.h">
      <Filter>01.Utility\99. Managers\03. Component_Manager</Filter>
    </ClInclude>
    <ClInclude Include="..\Public\Key_Manager.h">
      <Filter>01.Utility\99. Managers\04. Key_Manager</Filter>
    </ClInclude>
    <ClInclude Include="..\Public\Sound_Manager.h">
      <Filter>01.Utility\99. Managers\05. Sound_Manager</Filter>
    </ClInclude>
  </ItemGroup>
  <ItemGroup>
    <ClCompile Include="..\Private\Base.cpp">
      <Filter>98.SuperClass</Filter>
    </ClCompile>
    <ClCompile Include="..\Private\Graphic_Device.cpp">
      <Filter>01.Utility\00. System\00. Graphic</Filter>
    </ClCompile>
    <ClCompile Include="..\private\GameInstance.cpp">
      <Filter>01.Utility\00. GameInstance</Filter>
    </ClCompile>
    <ClCompile Include="..\private\Level.cpp">
      <Filter>01.Utility\01. Levels</Filter>
    </ClCompile>
    <ClCompile Include="..\Private\Timer.cpp">
      <Filter>01.Utility\00. System\01. Timers</Filter>
    </ClCompile>
    <ClCompile Include="..\private\Timer_Manager.cpp">
      <Filter>01.Utility\00. System\01. Timers\Manager</Filter>
    </ClCompile>
    <ClCompile Include="..\private\Layer.cpp">
      <Filter>01.Utility\02. GameObjects\Layer</Filter>
    </ClCompile>
    <ClCompile Include="..\private\Component.cpp">
      <Filter>01.Utility\03. Components</Filter>
    </ClCompile>
    <ClCompile Include="..\private\GameObject.cpp">
      <Filter>01.Utility\02. GameObjects</Filter>
    </ClCompile>
    <ClCompile Include="..\Private\Sound.cpp">
      <Filter>01.Utility\04. Sound</Filter>
    </ClCompile>
    <ClCompile Include="..\Private\FMOD_Core.cpp">
      <Filter>01.Utility\04. Sound\FMOD</Filter>
    </ClCompile>
    <ClCompile Include="..\Private\Shader.cpp">
      <Filter>01.Utility\03. Components\04. Shader</Filter>
    </ClCompile>
    <ClCompile Include="..\Private\VIBuffer.cpp">
      <Filter>01.Utility\03. Components\03. VIBuffer</Filter>
    </ClCompile>
    <ClCompile Include="..\Private\Texture.cpp">
      <Filter>01.Utility\03. Components\02. Texture</Filter>
    </ClCompile>
    <ClCompile Include="..\Private\VIBuffer_Rect.cpp">
      <Filter>01.Utility\03. Components\03. VIBuffer\00. Rect</Filter>
    </ClCompile>
    <ClCompile Include="..\Private\Engine_Struct.cpp">
      <Filter>99.Defines</Filter>
    </ClCompile>
    <ClCompile Include="..\Private\Transform.cpp">
      <Filter>01.Utility\03. Components\01. Transform</Filter>
    </ClCompile>
    <ClCompile Include="..\Private\Model.cpp">
      <Filter>01.Utility\03. Components\05. Model</Filter>
    </ClCompile>
    <ClCompile Include="..\Private\MeshContainer.cpp">
      <Filter>01.Utility\03. Components\05. Model\MeshContainer</Filter>
    </ClCompile>
    <ClCompile Include="..\Private\Animation.cpp">
      <Filter>01.Utility\03. Components\05. Model\Animation</Filter>
    </ClCompile>
    <ClCompile Include="..\Private\Channel.cpp">
      <Filter>01.Utility\03. Components\05. Model\Animation\Channel</Filter>
    </ClCompile>
    <ClCompile Include="..\Private\PipeLine.cpp">
      <Filter>01.Utility\00. System\02. PipeLine</Filter>
    </ClCompile>
    <ClCompile Include="..\Private\MyCamera.cpp">
      <Filter>01.Utility\02. GameObjects\Camera</Filter>
    </ClCompile>
    <ClCompile Include="..\Private\Bone.cpp">
      <Filter>01.Utility\03. Components\05. Model\Bone</Filter>
    </ClCompile>
    <ClCompile Include="..\Private\VTF.cpp">
      <Filter>01.Utility\03. Components\05. Model\VTF</Filter>
    </ClCompile>
    <ClCompile Include="..\Private\KeyFrameEvent.cpp">
      <Filter>01.Utility\03. Components\05. Model\Animation\KeyFrameEvent</Filter>
    </ClCompile>
    <ClCompile Include="..\private\Renderer.cpp">
      <Filter>01.Utility\00. System\03. Renderer</Filter>
    </ClCompile>
    <ClCompile Include="..\Private\Collider.cpp">
      <Filter>01.Utility\03. Components\06. Collider</Filter>
    </ClCompile>
    <ClCompile Include="..\Private\Collision_Manager.cpp">
      <Filter>01.Utility\03. Components\06. Collider\Manager</Filter>
    </ClCompile>
    <ClCompile Include="..\Private\AABB.cpp">
      <Filter>01.Utility\03. Components\06. Collider\AABB</Filter>
    </ClCompile>
    <ClCompile Include="..\Private\Sphere.cpp">
      <Filter>01.Utility\03. Components\06. Collider\Sphere</Filter>
    </ClCompile>
    <ClCompile Include="..\Private\OBB.cpp">
      <Filter>01.Utility\03. Components\06. Collider\OBB</Filter>
    </ClCompile>
    <ClCompile Include="..\Private\PhysX_Manager.cpp">
      <Filter>01.Utility\00. System\04. PhysX</Filter>
    </ClCompile>
    <ClCompile Include="..\Private\DebugDraw.cpp">
      <Filter>01.Utility\03. Components\06. Collider\DebugDraw</Filter>
    </ClCompile>
    <ClCompile Include="..\Private\RenderTarget.cpp">
      <Filter>01.Utility\05. RenderTarget</Filter>
    </ClCompile>
    <ClCompile Include="..\Private\VIBuffer_Point.cpp">
      <Filter>01.Utility\03. Components\03. VIBuffer\01. Point</Filter>
    </ClCompile>
    <ClCompile Include="..\private\Level_Manager.cpp">
      <Filter>01.Utility\99. Managers\01. Level_Manager</Filter>
    </ClCompile>
    <ClCompile Include="..\private\Object_Manager.cpp">
      <Filter>01.Utility\99. Managers\02. Object_Manager</Filter>
    </ClCompile>
    <ClCompile Include="..\private\Component_Manager.cpp">
      <Filter>01.Utility\99. Managers\03. Component_Manager</Filter>
    </ClCompile>
    <ClCompile Include="..\Private\Key_Manager.cpp">
      <Filter>01.Utility\99. Managers\04. Key_Manager</Filter>
    </ClCompile>
    <ClCompile Include="..\Private\Sound_Manager.cpp">
      <Filter>01.Utility\99. Managers\05. Sound_Manager</Filter>
    </ClCompile>
  </ItemGroup>
  <ItemGroup>
    <Text Include="..\..\Client\Default\ReadMe.txt" />
  </ItemGroup>
</Project>