<?xml version="1.0" encoding="utf-8"?>
<Project ToolsVersion="4.0" xmlns="http://schemas.microsoft.com/developer/msbuild/2003">
  <ItemGroup>
    <Filter Include="04. UI">
      <UniqueIdentifier>{05e2490f-83af-4688-86c7-d0def919f5ff}</UniqueIdentifier>
    </Filter>
    <Filter Include="01. Levels">
      <UniqueIdentifier>{2fd56b7c-25e0-41fb-978b-b8be6be0a2aa}</UniqueIdentifier>
    </Filter>
    <Filter Include="00. MainApp">
      <UniqueIdentifier>{edc3c5d1-ea6b-4e29-b34d-540396673e0f}</UniqueIdentifier>
    </Filter>
    <Filter Include="01. Levels\00. Loading">
      <UniqueIdentifier>{415cf11b-c036-4b34-a51b-7fe799dac4c8}</UniqueIdentifier>
    </Filter>
    <Filter Include="97. Managers">
      <UniqueIdentifier>{917e7d2a-74dc-4341-a9d3-99dd0cb1e949}</UniqueIdentifier>
    </Filter>
    <Filter Include="01. Levels\00. Loading\Loader">
      <UniqueIdentifier>{d7a516a4-2521-4980-a217-4807612ec8bf}</UniqueIdentifier>
    </Filter>
    <Filter Include="01. Levels\02. GamePlay">
      <UniqueIdentifier>{6883c4c2-c1cc-4a8c-98ec-2d1968248151}</UniqueIdentifier>
    </Filter>
    <Filter Include="98. Default">
      <UniqueIdentifier>{9a853736-99fd-4100-b927-5433508f68ad}</UniqueIdentifier>
    </Filter>
    <Filter Include="96. ShaderFiles">
      <UniqueIdentifier>{f0bdbf26-a0e5-494c-a48c-6f01c1fe6752}</UniqueIdentifier>
    </Filter>
    <Filter Include="100. IMGUI">
      <UniqueIdentifier>{55cddb12-6c8e-4f86-bde0-c7a4d8eee25d}</UniqueIdentifier>
    </Filter>
    <Filter Include="01. Levels\03. Tool">
      <UniqueIdentifier>{a235f9a8-144f-49c1-86a9-ab68df1218eb}</UniqueIdentifier>
    </Filter>
    <Filter Include="01. Levels\00. Loading\01. Title">
      <UniqueIdentifier>{9fcdbdf1-7ee1-4737-94a5-7e51ca840b9e}</UniqueIdentifier>
    </Filter>
    <Filter Include="100. IMGUI\00. ImGui_Main">
      <UniqueIdentifier>{a254e204-3881-4607-8094-9dc2d0a7ee29}</UniqueIdentifier>
    </Filter>
    <Filter Include="100. IMGUI\00. ToolState">
      <UniqueIdentifier>{5742d96d-4671-4b61-be94-420d02a76830}</UniqueIdentifier>
    </Filter>
    <Filter Include="100. IMGUI\01. Anim_Tool">
      <UniqueIdentifier>{e4065ac7-4940-420e-b257-5f14f782f446}</UniqueIdentifier>
    </Filter>
    <Filter Include="100. IMGUI\02. Map_Tool">
      <UniqueIdentifier>{aba63799-2135-4792-a325-8081c5300357}</UniqueIdentifier>
    </Filter>
    <Filter Include="99. Defines">
      <UniqueIdentifier>{3adbd17b-c224-4d61-9067-175bbd3d0d56}</UniqueIdentifier>
    </Filter>
    <Filter Include="99. Defines\Headers">
      <UniqueIdentifier>{13a9a52c-33da-481b-94ef-daa2dacd02df}</UniqueIdentifier>
    </Filter>
    <Filter Include="03. State">
      <UniqueIdentifier>{f7573f10-348a-408e-b9ba-957bc721571d}</UniqueIdentifier>
    </Filter>
    <Filter Include="02. GameObjects">
      <UniqueIdentifier>{e561c34e-d6f4-478c-9e8b-6bb897b1098c}</UniqueIdentifier>
    </Filter>
    <Filter Include="02. GameObjects\00. Background">
      <UniqueIdentifier>{d77d19c9-d9e6-4fcd-a3d0-908e2d78be74}</UniqueIdentifier>
    </Filter>
    <Filter Include="02. GameObjects\02. Player">
      <UniqueIdentifier>{aa72ff72-1ace-4fd0-a5c4-a7f304de7a43}</UniqueIdentifier>
    </Filter>
    <Filter Include="02. GameObjects\01. Camera">
      <UniqueIdentifier>{4d6fb1a2-32d5-43aa-aed6-8fbfcf023880}</UniqueIdentifier>
    </Filter>
    <Filter Include="02. GameObjects\01. Camera\Free_Camera">
      <UniqueIdentifier>{64d3bb41-8fc8-447c-8dd6-841009cef042}</UniqueIdentifier>
    </Filter>
    <Filter Include="02. GameObjects\01. Camera\Main_Camera">
      <UniqueIdentifier>{fab6a260-7889-4a97-8d83-bc4ad0b82081}</UniqueIdentifier>
    </Filter>
    <Filter Include="02. GameObjects\03. Enemy">
      <UniqueIdentifier>{c151c21c-0afd-4e07-a6ca-7a53edd2ef0b}</UniqueIdentifier>
    </Filter>
    <Filter Include="02. GameObjects\99. ToolObject">
      <UniqueIdentifier>{a30fb29b-086b-471a-815d-25ec9dccaec7}</UniqueIdentifier>
    </Filter>
    <Filter Include="02. GameObjects\99. ToolObject\1. ToolAnimObj">
      <UniqueIdentifier>{f6b5e5a3-abc1-4ddf-89e7-58fe5021d713}</UniqueIdentifier>
    </Filter>
    <Filter Include="02. GameObjects\99. ToolObject\0. ToolMapObj">
      <UniqueIdentifier>{3f98b10b-66ff-4b94-a7e2-234cfa61d894}</UniqueIdentifier>
    </Filter>
    <Filter Include="95. Client_Components">
      <UniqueIdentifier>{4bbf10dd-1327-4520-b373-5bcb6768e3af}</UniqueIdentifier>
    </Filter>
    <Filter Include="02. GameObjects\02. Player\Define">
      <UniqueIdentifier>{0e4045a1-145f-4eb5-b384-776987f0c0b6}</UniqueIdentifier>
    </Filter>
    <Filter Include="02. GameObjects\04. Weapon">
      <UniqueIdentifier>{e1821772-e7ef-4395-9234-57c63d5459b9}</UniqueIdentifier>
    </Filter>
    <Filter Include="100. IMGUI\99. TestPlay_Tool">
      <UniqueIdentifier>{1a9a7660-075b-4d31-91da-c017877d3d77}</UniqueIdentifier>
    </Filter>
    <Filter Include="02. GameObjects\02. Player\State">
      <UniqueIdentifier>{07182893-84d4-493a-b9b8-14cb44323865}</UniqueIdentifier>
    </Filter>
    <Filter Include="02. GameObjects\02. Player\State\00. PlayerState_Base">
      <UniqueIdentifier>{3d38f81e-3750-4bc3-a092-fc21bbc9b2e1}</UniqueIdentifier>
    </Filter>
    <Filter Include="02. GameObjects\02. Player\State\01. PlayerState_Idle">
      <UniqueIdentifier>{4f85e5a9-4052-43b0-b17a-66bd501520ea}</UniqueIdentifier>
    </Filter>
    <Filter Include="02. GameObjects\02. Player\State\02. PlayerState_Jog">
      <UniqueIdentifier>{746d33b3-1235-4b28-b441-d7cd8e614b2a}</UniqueIdentifier>
    </Filter>
    <Filter Include="02. GameObjects\02. Player\State\03. PlayerState_Sprint">
      <UniqueIdentifier>{58fb744d-0798-43c4-96a6-6c3c2dcefaf1}</UniqueIdentifier>
    </Filter>
    <Filter Include="02. GameObjects\02. Player\State\05. PlayerState_Attack">
      <UniqueIdentifier>{4947652d-dcd0-4fda-b241-22cc93c50f32}</UniqueIdentifier>
    </Filter>
    <Filter Include="02. GameObjects\02. Player\State\04. PlayerState_Avoid">
      <UniqueIdentifier>{3ef2ea5d-24fb-4784-a39c-b2f0551af820}</UniqueIdentifier>
    </Filter>
    <Filter Include="02. GameObjects\99. ToolObject\2. ToolColliderObj">
      <UniqueIdentifier>{9db4c5a9-80e3-4486-9561-e6867fbf2c19}</UniqueIdentifier>
    </Filter>
    <Filter Include="02. GameObjects\02. Player\PlayerStat">
      <UniqueIdentifier>{8a947f30-fa62-4bb2-b561-10cdea3669cf}</UniqueIdentifier>
    </Filter>
    <Filter Include="02. GameObjects\03. Enemy\Boss">
      <UniqueIdentifier>{a89a7117-4c15-432e-a54c-1960327a5d0e}</UniqueIdentifier>
    </Filter>
    <Filter Include="02. GameObjects\03. Enemy\Boss\Odur">
      <UniqueIdentifier>{f4250b3e-f360-4fd3-98fb-a10599e54be8}</UniqueIdentifier>
    </Filter>
    <Filter Include="02. GameObjects\03. Enemy\Boss\Odur\State">
      <UniqueIdentifier>{3e83f096-1b05-4522-9de4-21f0c3e8b2fe}</UniqueIdentifier>
    </Filter>
    <Filter Include="02. GameObjects\03. Enemy\Boss\Odur\State\01. OdurState_Idle">
      <UniqueIdentifier>{5b9cab58-b3bf-4e1c-bb76-8a0b5e78ef2d}</UniqueIdentifier>
    </Filter>
    <Filter Include="02. GameObjects\03. Enemy\Boss\Odur\State\00. OdurState_Base">
      <UniqueIdentifier>{37dd4bf1-1966-4d5f-ba3d-952f4abdd755}</UniqueIdentifier>
    </Filter>
    <Filter Include="02. GameObjects\03. Enemy\Boss\Odur\Define">
      <UniqueIdentifier>{c814f354-7456-47db-928e-a7d1bda2fa2a}</UniqueIdentifier>
    </Filter>
    <Filter Include="04. UI\UI_LockOn">
      <UniqueIdentifier>{cd881789-e140-49b4-9b5d-22889b88dc1d}</UniqueIdentifier>
    </Filter>
    <Filter Include="04. UI\Define">
      <UniqueIdentifier>{4c8b1b45-18f3-48e2-a62c-459d032d96bc}</UniqueIdentifier>
    </Filter>
    <Filter Include="04. UI\Manager">
      <UniqueIdentifier>{49b2b2bd-e722-453c-a364-a1e51d4201ce}</UniqueIdentifier>
    </Filter>
    <Filter Include="02. GameObjects\02. Player\State\06. PlayerState_LockOn">
      <UniqueIdentifier>{4b45c3b8-7213-4b21-aa2a-6d26764e5051}</UniqueIdentifier>
    </Filter>
  </ItemGroup>
  <ItemGroup>
    <ClInclude Include="Client.h">
      <Filter>98. Default</Filter>
    </ClInclude>
    <ClInclude Include="Resource.h">
      <Filter>98. Default</Filter>
    </ClInclude>
    <ClInclude Include="stdafx.h">
      <Filter>98. Default</Filter>
    </ClInclude>
    <ClInclude Include="targetver.h">
      <Filter>98. Default</Filter>
    </ClInclude>
    <ClInclude Include="..\Public\MainApp.h">
      <Filter>00. MainApp</Filter>
    </ClInclude>
    <ClInclude Include="..\Public\Client_Defines.h">
      <Filter>99. Defines</Filter>
    </ClInclude>
    <ClInclude Include="..\Public\Client_Struct.h">
      <Filter>99. Defines</Filter>
    </ClInclude>
    <ClInclude Include="..\Public\Client_Components.h">
      <Filter>99. Defines</Filter>
    </ClInclude>
    <ClInclude Include="..\Public\Level_Loading.h">
      <Filter>01. Levels\00. Loading</Filter>
    </ClInclude>
    <ClInclude Include="..\Public\Loader.h">
      <Filter>01. Levels\00. Loading\Loader</Filter>
    </ClInclude>
    <ClInclude Include="..\Public\Level_GamePlay.h">
      <Filter>01. Levels\02. GamePlay</Filter>
    </ClInclude>
    <ClInclude Include="..\Public\Levels_Header.h">
      <Filter>99. Defines\Headers</Filter>
    </ClInclude>
    <ClInclude Include="..\Public\Background.h">
      <Filter>02. GameObjects\00. Background</Filter>
    </ClInclude>
    <ClInclude Include="..\Public\Player.h">
      <Filter>02. GameObjects\02. Player</Filter>
    </ClInclude>
    <ClInclude Include="..\Public\Free_Camera.h">
      <Filter>02. GameObjects\01. Camera\Free_Camera</Filter>
    </ClInclude>
    <ClInclude Include="..\Public\Enemy.h">
      <Filter>02. GameObjects\03. Enemy</Filter>
    </ClInclude>
    <ClInclude Include="..\Public\Level_Tool.h">
      <Filter>01. Levels\03. Tool</Filter>
    </ClInclude>
    <ClInclude Include="..\Public\ImGui_Main.h">
      <Filter>100. IMGUI\00. ImGui_Main</Filter>
    </ClInclude>
    <ClInclude Include="..\Public\ToolState.h">
      <Filter>100. IMGUI\00. ToolState</Filter>
    </ClInclude>
    <ClInclude Include="..\Public\Anim_Tool.h">
      <Filter>100. IMGUI\01. Anim_Tool</Filter>
    </ClInclude>
    <ClInclude Include="..\Public\Map_Tool.h">
      <Filter>100. IMGUI\02. Map_Tool</Filter>
    </ClInclude>
    <ClInclude Include="..\Public\ToolMapObj.h">
      <Filter>02. GameObjects\99. ToolObject\0. ToolMapObj</Filter>
    </ClInclude>
    <ClInclude Include="..\Public\ToolAnimObj.h">
      <Filter>02. GameObjects\99. ToolObject\1. ToolAnimObj</Filter>
    </ClInclude>
    <ClInclude Include="..\Public\TestGround.h">
      <Filter>02. GameObjects</Filter>
    </ClInclude>
    <ClInclude Include="..\Public\Main_Camera.h">
      <Filter>02. GameObjects\01. Camera\Main_Camera</Filter>
    </ClInclude>
    <ClInclude Include="..\Public\PlayerState_Idle.h">
      <Filter>02. GameObjects\02. Player\State\01. PlayerState_Idle</Filter>
    </ClInclude>
    <ClInclude Include="..\Public\Player_States.h">
      <Filter>02. GameObjects\02. Player\Define</Filter>
    </ClInclude>
    <ClInclude Include="..\Public\Client_Macro.h">
      <Filter>99. Defines</Filter>
    </ClInclude>
    <ClInclude Include="..\Public\PlayerState_Base.h">
      <Filter>02. GameObjects\02. Player\State\00. PlayerState_Base</Filter>
    </ClInclude>
    <ClInclude Include="..\Public\PlayerState_Jog.h">
      <Filter>02. GameObjects\02. Player\State\02. PlayerState_Jog</Filter>
    </ClInclude>
    <ClInclude Include="..\Public\PlayerState_Sprint.h">
      <Filter>02. GameObjects\02. Player\State\03. PlayerState_Sprint</Filter>
    </ClInclude>
    <ClInclude Include="..\Public\Weapon.h">
      <Filter>02. GameObjects\04. Weapon</Filter>
    </ClInclude>
    <ClInclude Include="..\Public\TestPlay_Tool.h">
      <Filter>100. IMGUI\99. TestPlay_Tool</Filter>
    </ClInclude>
    <ClInclude Include="..\Public\PlayerState_Attack.h">
      <Filter>02. GameObjects\02. Player\State\05. PlayerState_Attack</Filter>
    </ClInclude>
    <ClInclude Include="..\Public\State_Base.h">
      <Filter>03. State</Filter>
    </ClInclude>
    <ClInclude Include="..\Public\ToolColliderObj.h">
      <Filter>02. GameObjects\99. ToolObject\2. ToolColliderObj</Filter>
    </ClInclude>
    <ClInclude Include="..\Public\Client_Functions.h">
      <Filter>99. Defines</Filter>
    </ClInclude>
    <ClInclude Include="..\Public\PlayerStat.h">
      <Filter>02. GameObjects\02. Player\PlayerStat</Filter>
    </ClInclude>
    <ClInclude Include="..\Public\Player_Enums.h">
      <Filter>02. GameObjects\02. Player\Define</Filter>
    </ClInclude>
    <ClInclude Include="..\Public\Odur.h">
      <Filter>02. GameObjects\03. Enemy\Boss\Odur</Filter>
    </ClInclude>
    <ClInclude Include="..\Public\Odur_Enums.h">
      <Filter>02. GameObjects\03. Enemy\Boss\Odur\Define</Filter>
    </ClInclude>
    <ClInclude Include="..\Public\Odur_States.h">
      <Filter>02. GameObjects\03. Enemy\Boss\Odur\Define</Filter>
    </ClInclude>
    <ClInclude Include="..\Public\OdurState_Idle.h">
      <Filter>02. GameObjects\03. Enemy\Boss\Odur\State\01. OdurState_Idle</Filter>
    </ClInclude>
    <ClInclude Include="..\Public\OdurState_Base.h">
      <Filter>02. GameObjects\03. Enemy\Boss\Odur\State\00. OdurState_Base</Filter>
    </ClInclude>
    <ClInclude Include="..\Public\UI.h">
      <Filter>04. UI</Filter>
    </ClInclude>
    <ClInclude Include="..\Public\UI_LockOn.h">
      <Filter>04. UI\UI_LockOn</Filter>
    </ClInclude>
    <ClInclude Include="..\Public\UI_Headers.h">
      <Filter>04. UI\Define</Filter>
    </ClInclude>
    <ClInclude Include="..\Public\UI_Manager.h">
      <Filter>04. UI\Manager</Filter>
    </ClInclude>
    <ClInclude Include="..\Public\PlayerState_LockOn.h">
      <Filter>02. GameObjects\02. Player\State\06. PlayerState_LockOn</Filter>
    </ClInclude>
  </ItemGroup>
  <ItemGroup>
    <ClCompile Include="stdafx.cpp">
      <Filter>98. Default</Filter>
    </ClCompile>
    <ClCompile Include="..\Private\MainApp.cpp">
      <Filter>00. MainApp</Filter>
    </ClCompile>
    <ClCompile Include="..\Private\Level_Loading.cpp">
      <Filter>01. Levels\00. Loading</Filter>
    </ClCompile>
    <ClCompile Include="..\Private\Loader.cpp">
      <Filter>01. Levels\00. Loading\Loader</Filter>
    </ClCompile>
    <ClCompile Include="..\Private\Level_GamePlay.cpp">
      <Filter>01. Levels\02. GamePlay</Filter>
    </ClCompile>
    <ClCompile Include="..\Private\Background.cpp">
      <Filter>02. GameObjects\00. Background</Filter>
    </ClCompile>
    <ClCompile Include="..\Private\Player.cpp">
      <Filter>02. GameObjects\02. Player</Filter>
    </ClCompile>
    <ClCompile Include="..\Private\Free_Camera.cpp">
      <Filter>02. GameObjects\01. Camera\Free_Camera</Filter>
    </ClCompile>
    <ClCompile Include="..\Private\Level_Tool.cpp">
      <Filter>01. Levels\03. Tool</Filter>
    </ClCompile>
    <ClCompile Include="..\Private\ImGui_Main.cpp">
      <Filter>100. IMGUI\00. ImGui_Main</Filter>
    </ClCompile>
    <ClCompile Include="..\Private\ToolState.cpp">
      <Filter>100. IMGUI\00. ToolState</Filter>
    </ClCompile>
    <ClCompile Include="..\Private\Anim_Tool.cpp">
      <Filter>100. IMGUI\01. Anim_Tool</Filter>
    </ClCompile>
    <ClCompile Include="..\Private\Map_Tool.cpp">
      <Filter>100. IMGUI\02. Map_Tool</Filter>
    </ClCompile>
    <ClCompile Include="..\Private\ToolMapObj.cpp">
      <Filter>02. GameObjects\99. ToolObject\0. ToolMapObj</Filter>
    </ClCompile>
    <ClCompile Include="Client.cpp">
      <Filter>98. Default</Filter>
    </ClCompile>
    <ClCompile Include="..\Private\Client_Functions.cpp">
      <Filter>99. Defines</Filter>
    </ClCompile>
    <ClCompile Include="..\Private\TestGround.cpp">
      <Filter>02. GameObjects</Filter>
    </ClCompile>
    <ClCompile Include="..\Private\Main_Camera.cpp">
      <Filter>02. GameObjects\01. Camera\Main_Camera</Filter>
    </ClCompile>
    <ClCompile Include="..\Private\PlayerState_Idle.cpp">
      <Filter>02. GameObjects\02. Player\State\01. PlayerState_Idle</Filter>
    </ClCompile>
    <ClCompile Include="..\Private\PlayerState_Base.cpp">
      <Filter>02. GameObjects\02. Player\State\00. PlayerState_Base</Filter>
    </ClCompile>
    <ClCompile Include="..\Private\PlayerState_Jog.cpp">
      <Filter>02. GameObjects\02. Player\State\02. PlayerState_Jog</Filter>
    </ClCompile>
    <ClCompile Include="..\Private\ToolAnimObj.cpp">
      <Filter>02. GameObjects\99. ToolObject\1. ToolAnimObj</Filter>
    </ClCompile>
    <ClCompile Include="..\Private\PlayerState_Sprint.cpp">
      <Filter>02. GameObjects\02. Player\State\03. PlayerState_Sprint</Filter>
    </ClCompile>
    <ClCompile Include="..\Private\Weapon.cpp">
      <Filter>02. GameObjects\04. Weapon</Filter>
    </ClCompile>
    <ClCompile Include="..\Private\TestPlay_Tool.cpp">
      <Filter>100. IMGUI\99. TestPlay_Tool</Filter>
    </ClCompile>
    <ClCompile Include="..\Private\PlayerState_Attack.cpp">
      <Filter>02. GameObjects\02. Player\State\05. PlayerState_Attack</Filter>
    </ClCompile>
    <ClCompile Include="..\Private\State_Base.cpp">
      <Filter>03. State</Filter>
    </ClCompile>
    <ClCompile Include="..\Private\ToolColliderObj.cpp">
      <Filter>02. GameObjects\99. ToolObject\2. ToolColliderObj</Filter>
    </ClCompile>
    <ClCompile Include="..\Private\PlayerStat.cpp">
      <Filter>02. GameObjects\02. Player\PlayerStat</Filter>
    </ClCompile>
    <ClCompile Include="..\Private\Odur.cpp">
      <Filter>02. GameObjects\03. Enemy\Boss\Odur</Filter>
    </ClCompile>
    <ClCompile Include="..\Private\Enemy.cpp">
      <Filter>02. GameObjects\03. Enemy</Filter>
    </ClCompile>
    <ClCompile Include="..\Private\OdurState_Idle.cpp">
      <Filter>02. GameObjects\03. Enemy\Boss\Odur\State\01. OdurState_Idle</Filter>
    </ClCompile>
    <ClCompile Include="..\Private\OdurState_Base.cpp">
      <Filter>02. GameObjects\03. Enemy\Boss\Odur\State\00. OdurState_Base</Filter>
    </ClCompile>
    <ClCompile Include="..\Private\UI.cpp">
      <Filter>04. UI</Filter>
    </ClCompile>
    <ClCompile Include="..\Private\UI_LockOn.cpp">
      <Filter>04. UI\UI_LockOn</Filter>
    </ClCompile>
    <ClCompile Include="..\Private\UI_Manager.cpp">
      <Filter>04. UI\Manager</Filter>
    </ClCompile>
    <ClCompile Include="..\Private\PlayerState_LockOn.cpp">
      <Filter>02. GameObjects\02. Player\State\06. PlayerState_LockOn</Filter>
    </ClCompile>
  </ItemGroup>
  <ItemGroup>
    <Image Include="Client.ico">
      <Filter>98. Default</Filter>
    </Image>
    <Image Include="small.ico">
      <Filter>98. Default</Filter>
    </Image>
  </ItemGroup>
  <ItemGroup>
    <ResourceCompile Include="Client.rc">
      <Filter>98. Default</Filter>
    </ResourceCompile>
  </ItemGroup>
  <ItemGroup>
    <None Include="..\Bin\ShaderFiles\Shader_Defines.hlsli">
      <Filter>96. ShaderFiles</Filter>
    </None>
  </ItemGroup>
  <ItemGroup>
    <FxCompile Include="..\Bin\ShaderFiles\Shader_VtxTex.hlsl">
      <Filter>96. ShaderFiles</Filter>
    </FxCompile>
    <FxCompile Include="..\Bin\ShaderFiles\Shader_VtxAnim.hlsl">
      <Filter>96. ShaderFiles</Filter>
    </FxCompile>
    <FxCompile Include="..\Bin\ShaderFiles\Shader_VtxNonAnim.hlsl">
      <Filter>96. ShaderFiles</Filter>
    </FxCompile>
    <FxCompile Include="..\Bin\ShaderFiles\Shader_UI.hlsl">
      <Filter>96. ShaderFiles</Filter>
    </FxCompile>
  </ItemGroup>
</Project>