<?xml version="1.0" encoding="utf-8"?>
<Project ToolsVersion="4.0" xmlns="http://schemas.microsoft.com/developer/msbuild/2003">
  <ItemGroup>
    <Filter Include="04. UI">
      <UniqueIdentifier>{05e2490f-83af-4688-86c7-d0def919f5ff}</UniqueIdentifier>
    </Filter>
    <Filter Include="01. Levels">
      <UniqueIdentifier>{2fd56b7c-25e0-41fb-978b-b8be6be0a2aa}</UniqueIdentifier>
    </Filter>
    <Filter Include="00. MainApp">
      <UniqueIdentifier>{edc3c5d1-ea6b-4e29-b34d-540396673e0f}</UniqueIdentifier>
    </Filter>
    <Filter Include="01. Levels\00. Loading">
      <UniqueIdentifier>{415cf11b-c036-4b34-a51b-7fe799dac4c8}</UniqueIdentifier>
    </Filter>
    <Filter Include="97. Managers">
      <UniqueIdentifier>{917e7d2a-74dc-4341-a9d3-99dd0cb1e949}</UniqueIdentifier>
    </Filter>
    <Filter Include="01. Levels\00. Loading\Loader">
      <UniqueIdentifier>{d7a516a4-2521-4980-a217-4807612ec8bf}</UniqueIdentifier>
    </Filter>
    <Filter Include="01. Levels\02. GamePlay">
      <UniqueIdentifier>{6883c4c2-c1cc-4a8c-98ec-2d1968248151}</UniqueIdentifier>
    </Filter>
    <Filter Include="98. Default">
      <UniqueIdentifier>{9a853736-99fd-4100-b927-5433508f68ad}</UniqueIdentifier>
    </Filter>
    <Filter Include="96. ShaderFiles">
      <UniqueIdentifier>{f0bdbf26-a0e5-494c-a48c-6f01c1fe6752}</UniqueIdentifier>
    </Filter>
    <Filter Include="100. IMGUI">
      <UniqueIdentifier>{55cddb12-6c8e-4f86-bde0-c7a4d8eee25d}</UniqueIdentifier>
    </Filter>
    <Filter Include="01. Levels\03. Tool">
      <UniqueIdentifier>{a235f9a8-144f-49c1-86a9-ab68df1218eb}</UniqueIdentifier>
    </Filter>
    <Filter Include="100. IMGUI\00. ImGui_Main">
      <UniqueIdentifier>{a254e204-3881-4607-8094-9dc2d0a7ee29}</UniqueIdentifier>
    </Filter>
    <Filter Include="100. IMGUI\00. ToolState">
      <UniqueIdentifier>{5742d96d-4671-4b61-be94-420d02a76830}</UniqueIdentifier>
    </Filter>
    <Filter Include="100. IMGUI\01. Anim_Tool">
      <UniqueIdentifier>{e4065ac7-4940-420e-b257-5f14f782f446}</UniqueIdentifier>
    </Filter>
    <Filter Include="100. IMGUI\02. Map_Tool">
      <UniqueIdentifier>{aba63799-2135-4792-a325-8081c5300357}</UniqueIdentifier>
    </Filter>
    <Filter Include="99. Defines">
      <UniqueIdentifier>{3adbd17b-c224-4d61-9067-175bbd3d0d56}</UniqueIdentifier>
    </Filter>
    <Filter Include="99. Defines\Headers">
      <UniqueIdentifier>{13a9a52c-33da-481b-94ef-daa2dacd02df}</UniqueIdentifier>
    </Filter>
    <Filter Include="03. State">
      <UniqueIdentifier>{f7573f10-348a-408e-b9ba-957bc721571d}</UniqueIdentifier>
    </Filter>
    <Filter Include="02. GameObjects">
      <UniqueIdentifier>{e561c34e-d6f4-478c-9e8b-6bb897b1098c}</UniqueIdentifier>
    </Filter>
    <Filter Include="02. GameObjects\00. Background">
      <UniqueIdentifier>{d77d19c9-d9e6-4fcd-a3d0-908e2d78be74}</UniqueIdentifier>
    </Filter>
    <Filter Include="02. GameObjects\01. Camera">
      <UniqueIdentifier>{4d6fb1a2-32d5-43aa-aed6-8fbfcf023880}</UniqueIdentifier>
    </Filter>
    <Filter Include="02. GameObjects\01. Camera\Free_Camera">
      <UniqueIdentifier>{64d3bb41-8fc8-447c-8dd6-841009cef042}</UniqueIdentifier>
    </Filter>
    <Filter Include="02. GameObjects\01. Camera\Main_Camera">
      <UniqueIdentifier>{fab6a260-7889-4a97-8d83-bc4ad0b82081}</UniqueIdentifier>
    </Filter>
    <Filter Include="02. GameObjects\99. ToolObject">
      <UniqueIdentifier>{a30fb29b-086b-471a-815d-25ec9dccaec7}</UniqueIdentifier>
    </Filter>
    <Filter Include="100. IMGUI\99. TestPlay_Tool">
      <UniqueIdentifier>{1a9a7660-075b-4d31-91da-c017877d3d77}</UniqueIdentifier>
    </Filter>
    <Filter Include="04. UI\Define">
      <UniqueIdentifier>{4c8b1b45-18f3-48e2-a62c-459d032d96bc}</UniqueIdentifier>
    </Filter>
    <Filter Include="04. UI\Manager">
      <UniqueIdentifier>{49b2b2bd-e722-453c-a364-a1e51d4201ce}</UniqueIdentifier>
    </Filter>
    <Filter Include="01. Levels\01. Title">
      <UniqueIdentifier>{ed0f00ae-1f6c-491f-aba4-8aa13c98d29f}</UniqueIdentifier>
    </Filter>
    <Filter Include="02. GameObjects\02. Character">
      <UniqueIdentifier>{2f408878-5258-48e7-a250-cedd772a55bb}</UniqueIdentifier>
    </Filter>
    <Filter Include="05. Interface">
      <UniqueIdentifier>{4bbf10dd-1327-4520-b373-5bcb6768e3af}</UniqueIdentifier>
    </Filter>
    <Filter Include="05. Interface\01. Cutscene_Actor">
      <UniqueIdentifier>{a4aa2f76-17c5-4854-ae94-135abb7aa656}</UniqueIdentifier>
    </Filter>
    <Filter Include="97. Managers\01. Cutscene_Manager">
      <UniqueIdentifier>{c12a6fb0-7888-4a1e-8807-877159cb28db}</UniqueIdentifier>
    </Filter>
    <Filter Include="97. Managers\02. Fade_Manager">
      <UniqueIdentifier>{f20ef841-c559-459b-b396-f85be562a341}</UniqueIdentifier>
    </Filter>
    <Filter Include="02. GameObjects\03. Weapon">
      <UniqueIdentifier>{e1821772-e7ef-4395-9234-57c63d5459b9}</UniqueIdentifier>
    </Filter>
    <Filter Include="02. GameObjects\02. Character\01. Player">
      <UniqueIdentifier>{aa72ff72-1ace-4fd0-a5c4-a7f304de7a43}</UniqueIdentifier>
    </Filter>
    <Filter Include="02. GameObjects\02. Character\01. Player\Define">
      <UniqueIdentifier>{0e4045a1-145f-4eb5-b384-776987f0c0b6}</UniqueIdentifier>
    </Filter>
    <Filter Include="02. GameObjects\02. Character\01. Player\State">
      <UniqueIdentifier>{07182893-84d4-493a-b9b8-14cb44323865}</UniqueIdentifier>
    </Filter>
    <Filter Include="02. GameObjects\02. Character\01. Player\State\00. PlayerState_Base">
      <UniqueIdentifier>{3d38f81e-3750-4bc3-a092-fc21bbc9b2e1}</UniqueIdentifier>
    </Filter>
    <Filter Include="02. GameObjects\02. Character\01. Player\State\01. PlayerState_Idle">
      <UniqueIdentifier>{4f85e5a9-4052-43b0-b17a-66bd501520ea}</UniqueIdentifier>
    </Filter>
    <Filter Include="02. GameObjects\02. Character\01. Player\State\02. PlayerState_Jog">
      <UniqueIdentifier>{746d33b3-1235-4b28-b441-d7cd8e614b2a}</UniqueIdentifier>
    </Filter>
    <Filter Include="02. GameObjects\02. Character\01. Player\State\03. PlayerState_Sprint">
      <UniqueIdentifier>{58fb744d-0798-43c4-96a6-6c3c2dcefaf1}</UniqueIdentifier>
    </Filter>
    <Filter Include="02. GameObjects\02. Character\01. Player\State\05. PlayerState_Attack">
      <UniqueIdentifier>{4947652d-dcd0-4fda-b241-22cc93c50f32}</UniqueIdentifier>
    </Filter>
    <Filter Include="02. GameObjects\02. Character\01. Player\State\04. PlayerState_Avoid">
      <UniqueIdentifier>{3ef2ea5d-24fb-4784-a39c-b2f0551af820}</UniqueIdentifier>
    </Filter>
    <Filter Include="02. GameObjects\02. Character\01. Player\State\06. PlayerState_LockOn">
      <UniqueIdentifier>{4b45c3b8-7213-4b21-aa2a-6d26764e5051}</UniqueIdentifier>
    </Filter>
    <Filter Include="02. GameObjects\02. Character\01. Player\State\07. PlayerState_Parry">
      <UniqueIdentifier>{1e47503b-6be9-436f-9217-1b3daea8b3e9}</UniqueIdentifier>
    </Filter>
    <Filter Include="02. GameObjects\02. Character\01. Player\State\07. PlayerState_Parry\PlayerState_ParrySucess">
      <UniqueIdentifier>{c4dcbed1-7899-422e-ad3c-9deda5c43459}</UniqueIdentifier>
    </Filter>
    <Filter Include="02. GameObjects\02. Character\01. Player\State\08. PlayerState_Hit">
      <UniqueIdentifier>{c3034d36-d3c4-4832-8b2b-159ee2ee1b2d}</UniqueIdentifier>
    </Filter>
    <Filter Include="02. GameObjects\02. Character\01. Player\State\09. PlayerState_Parried">
      <UniqueIdentifier>{c46328e2-54e0-44cc-aaab-fb307396d834}</UniqueIdentifier>
    </Filter>
    <Filter Include="02. GameObjects\02. Character\01. Player\State\98. PlayerState_Executed">
      <UniqueIdentifier>{9f58949f-a326-42fb-8bde-feacdf319462}</UniqueIdentifier>
    </Filter>
    <Filter Include="02. GameObjects\02. Character\01. Player\State\99. PlayerState_Cutscene">
      <UniqueIdentifier>{dfaac50f-ceee-44fb-b441-2ceb73289741}</UniqueIdentifier>
    </Filter>
    <Filter Include="02. GameObjects\02. Character\01. Player\State\97. PlayerState_Finish">
      <UniqueIdentifier>{f771ba8d-7a6c-4a71-b6f4-6367e081ba84}</UniqueIdentifier>
    </Filter>
    <Filter Include="02. GameObjects\02. Character\01. Player\PlayerStat">
      <UniqueIdentifier>{8a947f30-fa62-4bb2-b561-10cdea3669cf}</UniqueIdentifier>
    </Filter>
    <Filter Include="02. GameObjects\02. Character\02. Enemy">
      <UniqueIdentifier>{c151c21c-0afd-4e07-a6ca-7a53edd2ef0b}</UniqueIdentifier>
    </Filter>
    <Filter Include="02. GameObjects\02. Character\02. Enemy\Stats">
      <UniqueIdentifier>{58435bba-5ebc-4e65-ad6a-9fc346159b58}</UniqueIdentifier>
    </Filter>
    <Filter Include="02. GameObjects\99. ToolObject\2. ToolAnimObj">
      <UniqueIdentifier>{f6b5e5a3-abc1-4ddf-89e7-58fe5021d713}</UniqueIdentifier>
    </Filter>
    <Filter Include="02. GameObjects\99. ToolObject\3. ToolColliderObj">
      <UniqueIdentifier>{9db4c5a9-80e3-4486-9561-e6867fbf2c19}</UniqueIdentifier>
    </Filter>
    <Filter Include="02. GameObjects\99. ToolObject\4. ToolNaviCell">
      <UniqueIdentifier>{3d56b1ac-c2b9-4a45-87b5-4e8813e6ff55}</UniqueIdentifier>
    </Filter>
    <Filter Include="02. GameObjects\99. ToolObject\4. ToolNaviCell\ToolNaviCellPoint">
      <UniqueIdentifier>{df7dcd97-b882-46c5-a831-49cd782e49dd}</UniqueIdentifier>
    </Filter>
    <Filter Include="02. GameObjects\99. ToolObject\1. ToolMapObj">
      <UniqueIdentifier>{3f98b10b-66ff-4b94-a7e2-234cfa61d894}</UniqueIdentifier>
    </Filter>
    <Filter Include="02. GameObjects\04. MapObject">
      <UniqueIdentifier>{da660398-3255-4bae-85c1-c53f7ba4521f}</UniqueIdentifier>
    </Filter>
    <Filter Include="02. GameObjects\04. MapObject\EventTrigger">
      <UniqueIdentifier>{f2a7b51f-1f21-49bc-b543-b17733592bb9}</UniqueIdentifier>
    </Filter>
    <Filter Include="04. UI\InGameUI">
      <UniqueIdentifier>{b1d2376f-80b3-49c2-9e38-de3e25bc92e8}</UniqueIdentifier>
    </Filter>
    <Filter Include="04. UI\InGameUI\00. FadeScreen">
      <UniqueIdentifier>{e768a7cc-d3d2-42d7-84fe-0892d95fa1ed}</UniqueIdentifier>
    </Filter>
    <Filter Include="04. UI\InGameUI\01. UI_LockOn">
      <UniqueIdentifier>{cd881789-e140-49b4-9b5d-22889b88dc1d}</UniqueIdentifier>
    </Filter>
    <Filter Include="04. UI\InGameUI\02. UI_PlayerBar">
      <UniqueIdentifier>{ed961139-4a30-42e1-bbef-6f013e7d2d3d}</UniqueIdentifier>
    </Filter>
    <Filter Include="04. UI\UI_Component">
      <UniqueIdentifier>{6d4ddae4-d103-4797-b1bc-dbbde6be4929}</UniqueIdentifier>
    </Filter>
    <Filter Include="04. UI\UI_Component\ProgressBar">
      <UniqueIdentifier>{b119a576-8c92-4a71-8bc9-3836f2b76962}</UniqueIdentifier>
    </Filter>
    <Filter Include="02. GameObjects\02. Character\01. Player\State\10. PlayerState_Charge">
      <UniqueIdentifier>{afd2b791-cb5d-4a18-9a35-b6ee69fc7652}</UniqueIdentifier>
    </Filter>
    <Filter Include="02. GameObjects\02. Character\01. Player\State\11. PlayerState_ClawAttack">
      <UniqueIdentifier>{56ead3ec-0a72-4391-abdd-68eacf142f3e}</UniqueIdentifier>
    </Filter>
    <Filter Include="02. GameObjects\02. Character\01. Player\State\10. PlayerState_Charge\Charge_Start">
      <UniqueIdentifier>{b3968483-1b83-4bb6-bd68-178dd6b88e6a}</UniqueIdentifier>
    </Filter>
    <Filter Include="02. GameObjects\02. Character\01. Player\State\10. PlayerState_Charge\Charge_Complete">
      <UniqueIdentifier>{e1d07df7-3323-4194-8be3-6ee28801e299}</UniqueIdentifier>
    </Filter>
    <Filter Include="02. GameObjects\02. Character\01. Player\State\10. PlayerState_Charge\Charge_Loop">
      <UniqueIdentifier>{887a38b2-4b3a-4fb1-97c6-d9a1a54e8ea6}</UniqueIdentifier>
    </Filter>
    <Filter Include="02. GameObjects\02. Character\01. Player\State\11. PlayerState_ClawAttack\ClawAttack_Long">
      <UniqueIdentifier>{b0042f06-b789-44d9-a736-34d173ca14cb}</UniqueIdentifier>
    </Filter>
    <Filter Include="02. GameObjects\02. Character\01. Player\State\11. PlayerState_ClawAttack\ClawAttack_Short">
      <UniqueIdentifier>{8c682f0e-8907-413f-b804-3bfb89dd7872}</UniqueIdentifier>
    </Filter>
    <Filter Include="02. GameObjects\02. Character\01. Player\State\12. PlayerState_Steal">
      <UniqueIdentifier>{c91b6dfc-e49b-4f54-8f7c-18a62b5dcf52}</UniqueIdentifier>
    </Filter>
    <Filter Include="02. GameObjects\02. Character\01. Player\State\12. PlayerState_Steal\PlayerState_StealRush">
      <UniqueIdentifier>{17b6e646-8e52-4f0d-a23a-af64c2a9cdb9}</UniqueIdentifier>
    </Filter>
    <Filter Include="02. GameObjects\02. Character\01. Player\State\11. PlayerState_ClawAttack\ClawAttack_Short\ClawAttack_ShortEnd">
      <UniqueIdentifier>{e8e21138-a123-4958-952a-c0cb4d07ef3b}</UniqueIdentifier>
    </Filter>
    <Filter Include="02. GameObjects\02. Character\02. Enemy\PerceptionBounding">
      <UniqueIdentifier>{6d152870-113c-4085-9995-5d2e67a75a0e}</UniqueIdentifier>
    </Filter>
    <Filter Include="02. GameObjects\02. Character\02. Enemy\Enemies">
      <UniqueIdentifier>{d94f8ff5-e74a-44e8-9bf5-9c333f79c440}</UniqueIdentifier>
    </Filter>
    <Filter Include="02. GameObjects\02. Character\02. Enemy\Enemies\Boss">
      <UniqueIdentifier>{a89a7117-4c15-432e-a54c-1960327a5d0e}</UniqueIdentifier>
    </Filter>
    <Filter Include="02. GameObjects\02. Character\02. Enemy\Enemies\Boss\01. Odur">
      <UniqueIdentifier>{f4250b3e-f360-4fd3-98fb-a10599e54be8}</UniqueIdentifier>
    </Filter>
    <Filter Include="02. GameObjects\02. Character\02. Enemy\Enemies\Boss\01. Odur\State">
      <UniqueIdentifier>{3e83f096-1b05-4522-9de4-21f0c3e8b2fe}</UniqueIdentifier>
    </Filter>
    <Filter Include="02. GameObjects\02. Character\02. Enemy\Enemies\Boss\01. Odur\State\01. OdurState_Idle">
      <UniqueIdentifier>{5b9cab58-b3bf-4e1c-bb76-8a0b5e78ef2d}</UniqueIdentifier>
    </Filter>
    <Filter Include="02. GameObjects\02. Character\02. Enemy\Enemies\Boss\01. Odur\State\00. OdurState_Base">
      <UniqueIdentifier>{37dd4bf1-1966-4d5f-ba3d-952f4abdd755}</UniqueIdentifier>
    </Filter>
    <Filter Include="02. GameObjects\02. Character\02. Enemy\Enemies\Boss\01. Odur\State\02. OdurState_Walk">
      <UniqueIdentifier>{11f478aa-e48c-4ff0-ae24-62241cae08b8}</UniqueIdentifier>
    </Filter>
    <Filter Include="02. GameObjects\02. Character\02. Enemy\Enemies\Boss\01. Odur\State\03. OdurState_Hit">
      <UniqueIdentifier>{a863063d-f990-4382-a5ec-f7c3fc6078f9}</UniqueIdentifier>
    </Filter>
    <Filter Include="02. GameObjects\02. Character\02. Enemy\Enemies\Boss\01. Odur\State\04. OdurState_Attack">
      <UniqueIdentifier>{0eb1a668-191d-44dc-939c-54b8297d4651}</UniqueIdentifier>
    </Filter>
    <Filter Include="02. GameObjects\02. Character\02. Enemy\Enemies\Boss\01. Odur\State\04. OdurState_Attack\OdurState_CaneAttack1">
      <UniqueIdentifier>{8a129262-2927-4f57-a494-e9865cf9bec0}</UniqueIdentifier>
    </Filter>
    <Filter Include="02. GameObjects\02. Character\02. Enemy\Enemies\Boss\01. Odur\State\04. OdurState_Attack\OdurState_CaneAttack2">
      <UniqueIdentifier>{744aa43e-0d0b-4b98-8fa7-f5f821bc9609}</UniqueIdentifier>
    </Filter>
    <Filter Include="02. GameObjects\02. Character\02. Enemy\Enemies\Boss\01. Odur\State\04. OdurState_Attack\OdurState_KickCombo">
      <UniqueIdentifier>{29cabfaf-bf09-4318-a7ef-50a8f12fff22}</UniqueIdentifier>
    </Filter>
    <Filter Include="02. GameObjects\02. Character\02. Enemy\Enemies\Boss\01. Odur\State\05. OdurState_DisappearWalk">
      <UniqueIdentifier>{10f68389-bbe9-481f-8c7b-8976510ad524}</UniqueIdentifier>
    </Filter>
    <Filter Include="02. GameObjects\02. Character\02. Enemy\Enemies\Boss\01. Odur\State\06. OdurState_DisappearMove">
      <UniqueIdentifier>{41fba9d0-531b-429b-acd6-9a272e7d292c}</UniqueIdentifier>
    </Filter>
    <Filter Include="02. GameObjects\02. Character\02. Enemy\Enemies\Boss\01. Odur\State\07. OdurState_Appear">
      <UniqueIdentifier>{61339d3b-762e-4c70-af71-e9323946bd1c}</UniqueIdentifier>
    </Filter>
    <Filter Include="02. GameObjects\02. Character\02. Enemy\Enemies\Boss\01. Odur\State\08. OdurState_Parry">
      <UniqueIdentifier>{689bbd23-feac-492a-a87c-d13e161e81b9}</UniqueIdentifier>
    </Filter>
    <Filter Include="02. GameObjects\02. Character\02. Enemy\Enemies\Boss\01. Odur\State\09. OdurState_ThrowCard">
      <UniqueIdentifier>{6437b6db-fbc3-4022-80b0-6c6ebb639cb2}</UniqueIdentifier>
    </Filter>
    <Filter Include="02. GameObjects\02. Character\02. Enemy\Enemies\Boss\01. Odur\State\10. OdurState_Execute">
      <UniqueIdentifier>{836b4406-3f56-4c53-87f6-77095a72c157}</UniqueIdentifier>
    </Filter>
    <Filter Include="02. GameObjects\02. Character\02. Enemy\Enemies\Boss\01. Odur\State\10. OdurState_Execute\OdurState_ReadyExecution">
      <UniqueIdentifier>{38425856-a3a2-4e4b-8270-f6fda4a01ceb}</UniqueIdentifier>
    </Filter>
    <Filter Include="02. GameObjects\02. Character\02. Enemy\Enemies\Boss\01. Odur\State\10. OdurState_Execute\OdurState_ExecutionDisappear">
      <UniqueIdentifier>{39bb80a2-e8fe-4abe-8e07-95a7db28bc91}</UniqueIdentifier>
    </Filter>
    <Filter Include="02. GameObjects\02. Character\02. Enemy\Enemies\Boss\01. Odur\State\11. OdurState_Finished">
      <UniqueIdentifier>{d0873048-d6db-47c3-bf58-a1dd3db8f270}</UniqueIdentifier>
    </Filter>
    <Filter Include="02. GameObjects\02. Character\02. Enemy\Enemies\Boss\01. Odur\State\99. OdurState_Cutscene">
      <UniqueIdentifier>{e8f11dd5-0fa5-489b-be57-d1c3a3f32351}</UniqueIdentifier>
    </Filter>
    <Filter Include="02. GameObjects\02. Character\02. Enemy\Enemies\Boss\01. Odur\Define">
      <UniqueIdentifier>{c814f354-7456-47db-928e-a7d1bda2fa2a}</UniqueIdentifier>
    </Filter>
    <Filter Include="02. GameObjects\02. Character\02. Enemy\Enemies\Boss\01. Odur\Card">
      <UniqueIdentifier>{efbeaa55-c1cc-41b9-8915-deace3b9e3f9}</UniqueIdentifier>
    </Filter>
    <Filter Include="02. GameObjects\02. Character\02. Enemy\Enemies\Boss\01. Odur\Card\For_Cutscene">
      <UniqueIdentifier>{3af46cc6-fc0f-4f78-92fe-c4cb2818003a}</UniqueIdentifier>
    </Filter>
    <Filter Include="02. GameObjects\02. Character\02. Enemy\Enemies\Boss\02. Urd">
      <UniqueIdentifier>{df5ad288-0396-4729-a06f-c0e134463d4d}</UniqueIdentifier>
    </Filter>
    <Filter Include="02. GameObjects\02. Character\02. Enemy\Enemies\Elite">
      <UniqueIdentifier>{b7bae545-b60c-4eb6-8818-80e8580f1c4e}</UniqueIdentifier>
    </Filter>
    <Filter Include="02. GameObjects\02. Character\02. Enemy\Enemies\Elite\Joker">
      <UniqueIdentifier>{ae487f91-5066-4db9-97fc-1671daf888e3}</UniqueIdentifier>
    </Filter>
    <Filter Include="02. GameObjects\02. Character\02. Enemy\Enemies\Normal">
      <UniqueIdentifier>{c5dbf081-bd20-4e28-9660-c69f5205a1bb}</UniqueIdentifier>
    </Filter>
    <Filter Include="02. GameObjects\02. Character\02. Enemy\Enemies\Normal\Villager_F">
      <UniqueIdentifier>{f1dd9d98-cc12-4f89-b552-7c6e624a8565}</UniqueIdentifier>
    </Filter>
    <Filter Include="02. GameObjects\02. Character\02. Enemy\Enemies\Normal\Villager_F\Define">
      <UniqueIdentifier>{e5d5c29f-3d86-48d3-aae8-dbeb47bc3f37}</UniqueIdentifier>
    </Filter>
    <Filter Include="02. GameObjects\02. Character\02. Enemy\Enemies\Normal\Villager_F\State">
      <UniqueIdentifier>{f1aaa292-023c-44d6-a293-5c9192bd9aa1}</UniqueIdentifier>
    </Filter>
    <Filter Include="02. GameObjects\02. Character\02. Enemy\Enemies\Normal\Villager_F\State\00. VillagerFState_Base">
      <UniqueIdentifier>{38c11ff5-e3fa-4bc8-869b-a62ab851bb69}</UniqueIdentifier>
    </Filter>
    <Filter Include="02. GameObjects\02. Character\02. Enemy\Enemies\Normal\Villager_F\State\01. VillagerFState_Idle">
      <UniqueIdentifier>{aae4a933-d28a-4cf7-bfcb-dcfe5dab0178}</UniqueIdentifier>
    </Filter>
    <Filter Include="02. GameObjects\02. Character\02. Enemy\Enemies\Normal\Villager_F\State\02. VillagerFState_Walk">
      <UniqueIdentifier>{07bca0d0-f55b-4810-82b5-b647465d7f7f}</UniqueIdentifier>
    </Filter>
    <Filter Include="02. GameObjects\02. Character\02. Enemy\Enemies\Normal\Villager_F\State\03. VillagerFState_Attack">
      <UniqueIdentifier>{5548d74f-8636-444b-b09f-9448fa1b2a52}</UniqueIdentifier>
    </Filter>
    <Filter Include="02. GameObjects\02. Character\02. Enemy\Enemies\Normal\Villager_F\State\03. VillagerFState_Attack\VillagerFState_Attack1">
      <UniqueIdentifier>{0457d042-9f84-49ed-a536-11ccb6284106}</UniqueIdentifier>
    </Filter>
    <Filter Include="02. GameObjects\02. Character\02. Enemy\Enemies\Normal\Villager_F\State\03. VillagerFState_Attack\VillagerFState_Attack3">
      <UniqueIdentifier>{da8fd19b-7f57-47ee-b356-557f77d61d98}</UniqueIdentifier>
    </Filter>
    <Filter Include="02. GameObjects\02. Character\02. Enemy\Enemies\Normal\Villager_F\State\03. VillagerFState_Attack\VillagerFState_Attack2">
      <UniqueIdentifier>{7b214bc7-ed80-4c3b-b978-63aebb51d6b0}</UniqueIdentifier>
    </Filter>
    <Filter Include="02. GameObjects\02. Character\02. Enemy\Enemies\Normal\Villager_F\State\04. VillagerFState_Hit">
      <UniqueIdentifier>{57fb2c66-6d20-4d10-a4d3-ac9f536da591}</UniqueIdentifier>
    </Filter>
    <Filter Include="02. GameObjects\02. Character\02. Enemy\Enemies\Normal\Villager_F\State\05. VillagerFState_Stunned">
      <UniqueIdentifier>{72d8bbe8-b2ab-4909-af78-97b7cd9ee33b}</UniqueIdentifier>
    </Filter>
    <Filter Include="02. GameObjects\02. Character\02. Enemy\Enemies\Normal\Villager_F\State\06. VillagerFState_Death">
      <UniqueIdentifier>{0f0d564e-15ab-490a-b88f-7591ac9c4025}</UniqueIdentifier>
    </Filter>
    <Filter Include="02. GameObjects\02. Character\02. Enemy\Enemies\Normal\Villager_M">
      <UniqueIdentifier>{466f058f-28cb-41d9-8fda-2a5a523d97b9}</UniqueIdentifier>
    </Filter>
    <Filter Include="02. GameObjects\02. Character\02. Enemy\Enemies\Normal\Villager_M\Define">
      <UniqueIdentifier>{4cfd6d93-1ea3-4d4d-be83-f6a6e6596b05}</UniqueIdentifier>
    </Filter>
    <Filter Include="02. GameObjects\02. Character\02. Enemy\Enemies\Normal\Villager_M\State">
      <UniqueIdentifier>{b2a6a5ad-94aa-4551-ad3c-5f187c491155}</UniqueIdentifier>
    </Filter>
    <Filter Include="02. GameObjects\02. Character\02. Enemy\Enemies\Normal\Villager_M\State\00. VillagerMState_Base">
      <UniqueIdentifier>{6078ff3a-49ce-4550-80d1-6ef5fe48344d}</UniqueIdentifier>
    </Filter>
    <Filter Include="02. GameObjects\02. Character\02. Enemy\Enemies\Normal\Villager_M\State\01. VillagerMState_Idle">
      <UniqueIdentifier>{d8856b25-5c8d-493f-96bd-0b1e01e155f7}</UniqueIdentifier>
    </Filter>
    <Filter Include="02. GameObjects\02. Character\02. Enemy\Enemies\Normal\Villager_M\State\02. VillagerMState_Walk">
      <UniqueIdentifier>{caf9580a-4c27-4afa-b4f9-6d8e47d3e306}</UniqueIdentifier>
    </Filter>
    <Filter Include="02. GameObjects\02. Character\02. Enemy\Enemies\Normal\Villager_M\State\03. VillagerMState_Attack">
      <UniqueIdentifier>{b8a48563-3970-4ec6-a066-b56c5595ce23}</UniqueIdentifier>
    </Filter>
    <Filter Include="02. GameObjects\02. Character\02. Enemy\Enemies\Normal\Villager_M\State\04. VillagerMState_Hit">
      <UniqueIdentifier>{fdabd138-f93f-409a-bd63-6d3d2612e0c1}</UniqueIdentifier>
    </Filter>
    <Filter Include="02. GameObjects\02. Character\02. Enemy\Enemies\Normal\Villager_M\State\05. VillagerMState_Stunned">
      <UniqueIdentifier>{9d002342-7e33-4ded-be4c-02e26036e282}</UniqueIdentifier>
    </Filter>
    <Filter Include="02. GameObjects\02. Character\02. Enemy\Enemies\Normal\Villager_M\State\06. VillagerMState_Death">
      <UniqueIdentifier>{c14d7cb3-ddae-41c5-95bc-97fc46a1194b}</UniqueIdentifier>
    </Filter>
    <Filter Include="02. GameObjects\02. Character\02. Enemy\Enemies\Elite\Joker\Define">
      <UniqueIdentifier>{cb005002-63df-410c-a1fb-8aaa07fac120}</UniqueIdentifier>
    </Filter>
    <Filter Include="02. GameObjects\02. Character\02. Enemy\Enemies\Elite\Joker\State">
      <UniqueIdentifier>{459a6edb-5caa-41fe-8593-9c5e1900aeed}</UniqueIdentifier>
    </Filter>
    <Filter Include="02. GameObjects\02. Character\02. Enemy\Enemies\Elite\Joker\State\00. JokerState_Base">
      <UniqueIdentifier>{e6401607-1fca-4dc0-b805-065cc688042e}</UniqueIdentifier>
    </Filter>
    <Filter Include="02. GameObjects\02. Character\02. Enemy\Enemies\Elite\Joker\State\03. JokerState_Attack">
      <UniqueIdentifier>{a3bd4526-8f00-4cd3-a9bf-aa82b93aaa5d}</UniqueIdentifier>
    </Filter>
    <Filter Include="02. GameObjects\02. Character\02. Enemy\Enemies\Elite\Joker\State\02. JokerState_Walk">
      <UniqueIdentifier>{d780b8a9-664e-400f-9836-3d0ea7d51305}</UniqueIdentifier>
    </Filter>
    <Filter Include="02. GameObjects\02. Character\02. Enemy\Enemies\Elite\Joker\State\01. JokerState_Idle">
      <UniqueIdentifier>{85320ba4-b729-4d17-9e82-23fed63681c4}</UniqueIdentifier>
    </Filter>
    <Filter Include="02. GameObjects\02. Character\02. Enemy\Enemies\Elite\Joker\State\03. JokerState_Attack\JokerState_ComboA">
      <UniqueIdentifier>{68618f39-d76a-4805-adde-e52ae9891f4a}</UniqueIdentifier>
    </Filter>
    <Filter Include="02. GameObjects\02. Character\02. Enemy\Enemies\Elite\Joker\State\03. JokerState_Attack\JokerState_ComboB">
      <UniqueIdentifier>{f2f0d0fa-8dd9-445e-bf42-ff17dfcd8881}</UniqueIdentifier>
    </Filter>
    <Filter Include="02. GameObjects\02. Character\02. Enemy\Enemies\Elite\Joker\State\03. JokerState_Attack\JokerState_TurnAttack_R">
      <UniqueIdentifier>{20807ea4-a968-48ca-a793-101f4518aa9a}</UniqueIdentifier>
    </Filter>
    <Filter Include="02. GameObjects\02. Character\02. Enemy\Enemies\Elite\Joker\State\03. JokerState_Attack\JokerState_TurnAttack_L">
      <UniqueIdentifier>{d26f0332-9d8d-4531-a10c-d009769e2543}</UniqueIdentifier>
    </Filter>
    <Filter Include="02. GameObjects\02. Character\02. Enemy\Enemies\Elite\Joker\State\03. JokerState_Attack\JokerState_WheelWind">
      <UniqueIdentifier>{c68d5600-1bb8-4772-b4dd-ae2f9a4f1907}</UniqueIdentifier>
    </Filter>
    <Filter Include="02. GameObjects\02. Character\02. Enemy\Enemies\Elite\Joker\State\03. JokerState_Attack\JokerState_WheelWind\WheelWind_Start">
      <UniqueIdentifier>{2a6a2014-0cb4-4119-b71e-8bec28f55c36}</UniqueIdentifier>
    </Filter>
    <Filter Include="02. GameObjects\02. Character\02. Enemy\Enemies\Elite\Joker\State\03. JokerState_Attack\JokerState_WheelWind\WheelWind_Loop">
      <UniqueIdentifier>{04b39006-74f0-41d7-b1c5-9fdd20fc9681}</UniqueIdentifier>
    </Filter>
    <Filter Include="02. GameObjects\02. Character\02. Enemy\Enemies\Elite\Joker\State\03. JokerState_Attack\JokerState_WheelWind\WheelWind_End">
      <UniqueIdentifier>{95b0a18d-1adf-4420-b354-147dfc4a2c33}</UniqueIdentifier>
    </Filter>
    <Filter Include="02. GameObjects\02. Character\02. Enemy\Enemies\Elite\Joker\State\03. JokerState_Attack\JokerState_JumpAttack">
      <UniqueIdentifier>{30aae543-26de-481e-8812-167f78e63140}</UniqueIdentifier>
    </Filter>
    <Filter Include="02. GameObjects\02. Character\02. Enemy\Enemies\Elite\Joker\State\03. JokerState_Attack\JokerState_StrongAttack">
      <UniqueIdentifier>{f16f5c37-ef58-47b6-9d67-e70c6292268f}</UniqueIdentifier>
    </Filter>
    <Filter Include="04. UI\InGameUI\03. UI_EnemyBar">
      <UniqueIdentifier>{33f34ad6-cd0b-4893-9096-2f5d015cbe50}</UniqueIdentifier>
    </Filter>
    <Filter Include="04. UI\InGameUI\05 .UI_DamageFont">
      <UniqueIdentifier>{baff3619-5e26-40eb-8256-f13cc86ed449}</UniqueIdentifier>
    </Filter>
    <Filter Include="04. UI\InGameUI\04. UI_BossBar">
      <UniqueIdentifier>{2f64f4f4-e12a-40b4-98bc-ec2a4e62cee9}</UniqueIdentifier>
    </Filter>
    <Filter Include="02. GameObjects\02. Character\02. Enemy\Enemies\Normal\Villager_M\State\05. VillagerMState_Stunned\Stunned_Start">
      <UniqueIdentifier>{9fd5ad23-19b8-4a43-927f-53c8d91ce675}</UniqueIdentifier>
    </Filter>
    <Filter Include="02. GameObjects\02. Character\02. Enemy\Enemies\Normal\Villager_M\State\05. VillagerMState_Stunned\Stunned_Loop">
      <UniqueIdentifier>{857e1f55-8262-4829-936a-65ddf5533ad2}</UniqueIdentifier>
    </Filter>
    <Filter Include="04. UI\InGameUI\06. UI_StunnedMark">
      <UniqueIdentifier>{b0fb57d9-67f0-4e22-9b4c-065174a48161}</UniqueIdentifier>
    </Filter>
    <Filter Include="02. GameObjects\02. Character\01. Player\State\13. PlayerState_Execution">
      <UniqueIdentifier>{f28bcd6b-c7c8-430c-af35-9cf9ad4b5210}</UniqueIdentifier>
    </Filter>
    <Filter Include="02. GameObjects\02. Character\01. Player\State\13. PlayerState_Execution\Default">
      <UniqueIdentifier>{5d77c294-0fc1-411f-98ba-e9da35ce1bd6}</UniqueIdentifier>
    </Filter>
    <Filter Include="02. GameObjects\02. Character\02. Enemy\Enemies\Normal\Villager_F\State\05. VillagerFState_Stunned\Stunned_Start">
      <UniqueIdentifier>{03a649f1-76e2-49b6-a375-6622da52e7ae}</UniqueIdentifier>
    </Filter>
    <Filter Include="02. GameObjects\02. Character\02. Enemy\Enemies\Normal\Villager_F\State\05. VillagerFState_Stunned\Stunned_Loop">
      <UniqueIdentifier>{40d84e14-e210-4ecb-ad2c-6c0b91c6ee8c}</UniqueIdentifier>
    </Filter>
    <Filter Include="02. GameObjects\02. Character\02. Enemy\Enemies\Elite\Joker\State\04. JokerState_Stunned">
      <UniqueIdentifier>{d3df6b1d-d74a-4999-896c-6680704ff849}</UniqueIdentifier>
    </Filter>
    <Filter Include="02. GameObjects\02. Character\02. Enemy\Enemies\Elite\Joker\State\04. JokerState_Stunned\Stunned_Start">
      <UniqueIdentifier>{f32be175-c129-49f4-a8d5-38e50ed464df}</UniqueIdentifier>
    </Filter>
    <Filter Include="02. GameObjects\02. Character\02. Enemy\Enemies\Elite\Joker\State\04. JokerState_Stunned\Stunned_Loop">
      <UniqueIdentifier>{ea5b1ec4-23bb-492d-aa85-41df8dc3b0b7}</UniqueIdentifier>
    </Filter>
    <Filter Include="02. GameObjects\02. Character\02. Enemy\Enemies\Elite\Joker\State\05. JokerState_Executed">
      <UniqueIdentifier>{8ea42025-6d62-451d-af7b-ff3093325183}</UniqueIdentifier>
    </Filter>
    <Filter Include="02. GameObjects\02. Character\01. Player\State\13. PlayerState_Execution\Joker">
      <UniqueIdentifier>{55e195ca-285e-427e-8ae7-eda04d7351f3}</UniqueIdentifier>
    </Filter>
    <Filter Include="02. GameObjects\02. Character\02. Enemy\Enemies\Elite\Joker\State\05. JokerState_Executed\Executed_Start">
      <UniqueIdentifier>{2452f7eb-6a38-454c-9d9c-9b713072883f}</UniqueIdentifier>
    </Filter>
    <Filter Include="02. GameObjects\02. Character\02. Enemy\Enemies\Elite\Joker\State\05. JokerState_Executed\Executed_End">
      <UniqueIdentifier>{3f31955e-1ab6-46df-a6e0-276b62e59be2}</UniqueIdentifier>
    </Filter>
  </ItemGroup>
  <ItemGroup>
    <ClInclude Include="Client.h">
      <Filter>98. Default</Filter>
    </ClInclude>
    <ClInclude Include="Resource.h">
      <Filter>98. Default</Filter>
    </ClInclude>
    <ClInclude Include="stdafx.h">
      <Filter>98. Default</Filter>
    </ClInclude>
    <ClInclude Include="targetver.h">
      <Filter>98. Default</Filter>
    </ClInclude>
    <ClInclude Include="..\Public\MainApp.h">
      <Filter>00. MainApp</Filter>
    </ClInclude>
    <ClInclude Include="..\Public\Client_Defines.h">
      <Filter>99. Defines</Filter>
    </ClInclude>
    <ClInclude Include="..\Public\Client_Components.h">
      <Filter>99. Defines</Filter>
    </ClInclude>
    <ClInclude Include="..\Public\Level_Loading.h">
      <Filter>01. Levels\00. Loading</Filter>
    </ClInclude>
    <ClInclude Include="..\Public\Loader.h">
      <Filter>01. Levels\00. Loading\Loader</Filter>
    </ClInclude>
    <ClInclude Include="..\Public\Level_GamePlay.h">
      <Filter>01. Levels\02. GamePlay</Filter>
    </ClInclude>
    <ClInclude Include="..\Public\Levels_Header.h">
      <Filter>99. Defines\Headers</Filter>
    </ClInclude>
    <ClInclude Include="..\Public\Background.h">
      <Filter>02. GameObjects\00. Background</Filter>
    </ClInclude>
    <ClInclude Include="..\Public\Free_Camera.h">
      <Filter>02. GameObjects\01. Camera\Free_Camera</Filter>
    </ClInclude>
    <ClInclude Include="..\Public\Level_Tool.h">
      <Filter>01. Levels\03. Tool</Filter>
    </ClInclude>
    <ClInclude Include="..\Public\ImGui_Main.h">
      <Filter>100. IMGUI\00. ImGui_Main</Filter>
    </ClInclude>
    <ClInclude Include="..\Public\ToolState.h">
      <Filter>100. IMGUI\00. ToolState</Filter>
    </ClInclude>
    <ClInclude Include="..\Public\Anim_Tool.h">
      <Filter>100. IMGUI\01. Anim_Tool</Filter>
    </ClInclude>
    <ClInclude Include="..\Public\Map_Tool.h">
      <Filter>100. IMGUI\02. Map_Tool</Filter>
    </ClInclude>
    <ClInclude Include="..\Public\ToolMapObj.h">
      <Filter>02. GameObjects\99. ToolObject\1. ToolMapObj</Filter>
    </ClInclude>
    <ClInclude Include="..\Public\ToolAnimObj.h">
      <Filter>02. GameObjects\99. ToolObject\2. ToolAnimObj</Filter>
    </ClInclude>
    <ClInclude Include="..\Public\TestGround.h">
      <Filter>02. GameObjects</Filter>
    </ClInclude>
    <ClInclude Include="..\Public\Main_Camera.h">
      <Filter>02. GameObjects\01. Camera\Main_Camera</Filter>
    </ClInclude>
    <ClInclude Include="..\Public\PlayerState_Idle.h">
      <Filter>02. GameObjects\02. Character\01. Player\State\01. PlayerState_Idle</Filter>
    </ClInclude>
    <ClInclude Include="..\Public\Player_States.h">
      <Filter>02. GameObjects\02. Character\01. Player\Define</Filter>
    </ClInclude>
    <ClInclude Include="..\Public\Client_Macro.h">
      <Filter>99. Defines</Filter>
    </ClInclude>
    <ClInclude Include="..\Public\PlayerState_Base.h">
      <Filter>02. GameObjects\02. Character\01. Player\State\00. PlayerState_Base</Filter>
    </ClInclude>
    <ClInclude Include="..\Public\PlayerState_Jog.h">
      <Filter>02. GameObjects\02. Character\01. Player\State\02. PlayerState_Jog</Filter>
    </ClInclude>
    <ClInclude Include="..\Public\PlayerState_Sprint.h">
      <Filter>02. GameObjects\02. Character\01. Player\State\03. PlayerState_Sprint</Filter>
    </ClInclude>
    <ClInclude Include="..\Public\Weapon.h">
      <Filter>02. GameObjects\03. Weapon</Filter>
    </ClInclude>
    <ClInclude Include="..\Public\TestPlay_Tool.h">
      <Filter>100. IMGUI\99. TestPlay_Tool</Filter>
    </ClInclude>
    <ClInclude Include="..\Public\PlayerState_Attack.h">
      <Filter>02. GameObjects\02. Character\01. Player\State\05. PlayerState_Attack</Filter>
    </ClInclude>
    <ClInclude Include="..\Public\State_Base.h">
      <Filter>03. State</Filter>
    </ClInclude>
    <ClInclude Include="..\Public\ToolColliderObj.h">
      <Filter>02. GameObjects\99. ToolObject\3. ToolColliderObj</Filter>
    </ClInclude>
    <ClInclude Include="..\Public\Client_Functions.h">
      <Filter>99. Defines</Filter>
    </ClInclude>
    <ClInclude Include="..\Public\PlayerStats.h">
      <Filter>02. GameObjects\02. Character\01. Player\PlayerStat</Filter>
    </ClInclude>
    <ClInclude Include="..\Public\Player_Enums.h">
      <Filter>02. GameObjects\02. Character\01. Player\Define</Filter>
    </ClInclude>
    <ClInclude Include="..\Public\Odur.h">
      <Filter>02. GameObjects\02. Character\02. Enemy\Enemies\Boss\01. Odur</Filter>
    </ClInclude>
    <ClInclude Include="..\Public\Odur_Enums.h">
      <Filter>02. GameObjects\02. Character\02. Enemy\Enemies\Boss\01. Odur\Define</Filter>
    </ClInclude>
    <ClInclude Include="..\Public\Odur_States.h">
      <Filter>02. GameObjects\02. Character\02. Enemy\Enemies\Boss\01. Odur\Define</Filter>
    </ClInclude>
    <ClInclude Include="..\Public\OdurState_Idle.h">
      <Filter>02. GameObjects\02. Character\02. Enemy\Enemies\Boss\01. Odur\State\01. OdurState_Idle</Filter>
    </ClInclude>
    <ClInclude Include="..\Public\OdurState_Base.h">
      <Filter>02. GameObjects\02. Character\02. Enemy\Enemies\Boss\01. Odur\State\00. OdurState_Base</Filter>
    </ClInclude>
    <ClInclude Include="..\Public\UI.h">
      <Filter>04. UI</Filter>
    </ClInclude>
    <ClInclude Include="..\Public\UI_LockOn.h">
      <Filter>04. UI\InGameUI\01. UI_LockOn</Filter>
    </ClInclude>
    <ClInclude Include="..\Public\UI_Headers.h">
      <Filter>04. UI\Define</Filter>
    </ClInclude>
    <ClInclude Include="..\Public\UI_Manager.h">
      <Filter>04. UI\Manager</Filter>
    </ClInclude>
    <ClInclude Include="..\Public\PlayerState_LockOn.h">
      <Filter>02. GameObjects\02. Character\01. Player\State\06. PlayerState_LockOn</Filter>
    </ClInclude>
    <ClInclude Include="..\Public\OdurState_Hit.h">
      <Filter>02. GameObjects\02. Character\02. Enemy\Enemies\Boss\01. Odur\State\03. OdurState_Hit</Filter>
    </ClInclude>
    <ClInclude Include="..\Public\Character.h">
      <Filter>02. GameObjects\02. Character</Filter>
    </ClInclude>
    <ClInclude Include="..\Public\PlayerState_Avoid.h">
      <Filter>02. GameObjects\02. Character\01. Player\State\04. PlayerState_Avoid</Filter>
    </ClInclude>
    <ClInclude Include="..\Public\PlayerState_Parry.h">
      <Filter>02. GameObjects\02. Character\01. Player\State\07. PlayerState_Parry</Filter>
    </ClInclude>
    <ClInclude Include="..\Public\PlayerState_ParrySuccess.h">
      <Filter>02. GameObjects\02. Character\01. Player\State\07. PlayerState_Parry\PlayerState_ParrySucess</Filter>
    </ClInclude>
    <ClInclude Include="..\Public\OdurState_CaneAttack1.h">
      <Filter>02. GameObjects\02. Character\02. Enemy\Enemies\Boss\01. Odur\State\04. OdurState_Attack\OdurState_CaneAttack1</Filter>
    </ClInclude>
    <ClInclude Include="..\Public\OdurState_Walk.h">
      <Filter>02. GameObjects\02. Character\02. Enemy\Enemies\Boss\01. Odur\State\02. OdurState_Walk</Filter>
    </ClInclude>
    <ClInclude Include="..\Public\OdurState_CaneAttack2.h">
      <Filter>02. GameObjects\02. Character\02. Enemy\Enemies\Boss\01. Odur\State\04. OdurState_Attack\OdurState_CaneAttack2</Filter>
    </ClInclude>
    <ClInclude Include="..\Public\OdurState_DisappearWalk.h">
      <Filter>02. GameObjects\02. Character\02. Enemy\Enemies\Boss\01. Odur\State\05. OdurState_DisappearWalk</Filter>
    </ClInclude>
    <ClInclude Include="..\Public\OdurState_DisappearMove.h">
      <Filter>02. GameObjects\02. Character\02. Enemy\Enemies\Boss\01. Odur\State\06. OdurState_DisappearMove</Filter>
    </ClInclude>
    <ClInclude Include="..\Public\OdurState_Appear.h">
      <Filter>02. GameObjects\02. Character\02. Enemy\Enemies\Boss\01. Odur\State\07. OdurState_Appear</Filter>
    </ClInclude>
    <ClInclude Include="..\Public\OdurState_KickCombo.h">
      <Filter>02. GameObjects\02. Character\02. Enemy\Enemies\Boss\01. Odur\State\04. OdurState_Attack\OdurState_KickCombo</Filter>
    </ClInclude>
    <ClInclude Include="..\Public\OdurState_Parry.h">
      <Filter>02. GameObjects\02. Character\02. Enemy\Enemies\Boss\01. Odur\State\08. OdurState_Parry</Filter>
    </ClInclude>
    <ClInclude Include="..\Public\PlayerState_Hit.h">
      <Filter>02. GameObjects\02. Character\01. Player\State\08. PlayerState_Hit</Filter>
    </ClInclude>
    <ClInclude Include="..\Public\PlayerState_Parried.h">
      <Filter>02. GameObjects\02. Character\01. Player\State\09. PlayerState_Parried</Filter>
    </ClInclude>
    <ClInclude Include="..\Public\EnemyStats.h">
      <Filter>02. GameObjects\02. Character\02. Enemy\Stats</Filter>
    </ClInclude>
    <ClInclude Include="..\Public\OdurState_ThrowCard.h">
      <Filter>02. GameObjects\02. Character\02. Enemy\Enemies\Boss\01. Odur\State\09. OdurState_ThrowCard</Filter>
    </ClInclude>
    <ClInclude Include="..\Public\Odur_Card.h">
      <Filter>02. GameObjects\02. Character\02. Enemy\Enemies\Boss\01. Odur\Card</Filter>
    </ClInclude>
    <ClInclude Include="..\Public\PlayerState_Cutscene.h">
      <Filter>02. GameObjects\02. Character\01. Player\State\99. PlayerState_Cutscene</Filter>
    </ClInclude>
    <ClInclude Include="..\Public\PlayerState_Finish.h">
      <Filter>02. GameObjects\02. Character\01. Player\State\97. PlayerState_Finish</Filter>
    </ClInclude>
    <ClInclude Include="..\Public\PlayerState_Executed.h">
      <Filter>02. GameObjects\02. Character\01. Player\State\98. PlayerState_Executed</Filter>
    </ClInclude>
    <ClInclude Include="..\Public\OdurState_Execute.h">
      <Filter>02. GameObjects\02. Character\02. Enemy\Enemies\Boss\01. Odur\State\10. OdurState_Execute</Filter>
    </ClInclude>
    <ClInclude Include="..\Public\OdurState_ReadyExecution.h">
      <Filter>02. GameObjects\02. Character\02. Enemy\Enemies\Boss\01. Odur\State\10. OdurState_Execute\OdurState_ReadyExecution</Filter>
    </ClInclude>
    <ClInclude Include="..\Public\ToolNaviCell.h">
      <Filter>02. GameObjects\99. ToolObject\4. ToolNaviCell</Filter>
    </ClInclude>
    <ClInclude Include="..\Public\ToolNaviCellPoint.h">
      <Filter>02. GameObjects\99. ToolObject\4. ToolNaviCell\ToolNaviCellPoint</Filter>
    </ClInclude>
    <ClInclude Include="..\Public\EventTrigger.h">
      <Filter>02. GameObjects\04. MapObject\EventTrigger</Filter>
    </ClInclude>
    <ClInclude Include="..\Public\Client_Enums.h">
      <Filter>99. Defines</Filter>
    </ClInclude>
    <ClInclude Include="..\public\Cutscene_Actor.h">
      <Filter>05. Interface\01. Cutscene_Actor</Filter>
    </ClInclude>
    <ClInclude Include="..\Public\OdurState_Cutscene.h">
      <Filter>02. GameObjects\02. Character\02. Enemy\Enemies\Boss\01. Odur\State\99. OdurState_Cutscene</Filter>
    </ClInclude>
    <ClInclude Include="..\Public\Odur_Card_Cutscene.h">
      <Filter>02. GameObjects\02. Character\02. Enemy\Enemies\Boss\01. Odur\Card\For_Cutscene</Filter>
    </ClInclude>
    <ClInclude Include="..\Public\Cutscene_Manager.h">
      <Filter>97. Managers\01. Cutscene_Manager</Filter>
    </ClInclude>
    <ClInclude Include="..\Public\Fade_Manager.h">
      <Filter>97. Managers\02. Fade_Manager</Filter>
    </ClInclude>
    <ClInclude Include="..\Public\FadeScreen.h">
      <Filter>04. UI\InGameUI\00. FadeScreen</Filter>
    </ClInclude>
    <ClInclude Include="..\Public\Client_Struct.h">
      <Filter>99. Defines</Filter>
    </ClInclude>
    <ClInclude Include="..\Public\MapObject.h">
      <Filter>02. GameObjects\04. MapObject</Filter>
    </ClInclude>
    <ClInclude Include="..\Public\Enemy.h">
      <Filter>02. GameObjects\02. Character\02. Enemy</Filter>
    </ClInclude>
    <ClInclude Include="..\Public\OdurState_ExecutionDisappear.h">
      <Filter>02. GameObjects\02. Character\02. Enemy\Enemies\Boss\01. Odur\State\10. OdurState_Execute\OdurState_ExecutionDisappear</Filter>
    </ClInclude>
    <ClInclude Include="..\Public\UI_PlayerBar.h">
      <Filter>04. UI\InGameUI\02. UI_PlayerBar</Filter>
    </ClInclude>
    <ClInclude Include="..\Public\ProgressBar.h">
      <Filter>04. UI\UI_Component\ProgressBar</Filter>
    </ClInclude>
    <ClInclude Include="..\Public\MyText.h" />
    <ClInclude Include="..\Public\UI_EnemyBar.h">
      <Filter>04. UI\InGameUI\03. UI_EnemyBar</Filter>
    </ClInclude>
    <ClInclude Include="..\Public\UI_DamageFont.h">
      <Filter>04. UI\InGameUI\05 .UI_DamageFont</Filter>
    </ClInclude>
    <ClInclude Include="..\Public\PlayerState_ChargeStart.h">
      <Filter>02. GameObjects\02. Character\01. Player\State\10. PlayerState_Charge\Charge_Start</Filter>
    </ClInclude>
    <ClInclude Include="..\Public\PlayerState_ChargeComplete.h">
      <Filter>02. GameObjects\02. Character\01. Player\State\10. PlayerState_Charge\Charge_Complete</Filter>
    </ClInclude>
    <ClInclude Include="..\Public\PlayerState_ClawAttack_Long.h">
      <Filter>02. GameObjects\02. Character\01. Player\State\11. PlayerState_ClawAttack\ClawAttack_Long</Filter>
    </ClInclude>
    <ClInclude Include="..\Public\PlayerState_ChargeLoop.h">
      <Filter>02. GameObjects\02. Character\01. Player\State\10. PlayerState_Charge\Charge_Loop</Filter>
    </ClInclude>
    <ClInclude Include="..\Public\PlayerState_Steal.h">
      <Filter>02. GameObjects\02. Character\01. Player\State\12. PlayerState_Steal</Filter>
    </ClInclude>
    <ClInclude Include="..\Public\PlayerState_StealRush.h">
      <Filter>02. GameObjects\02. Character\01. Player\State\12. PlayerState_Steal\PlayerState_StealRush</Filter>
    </ClInclude>
    <ClInclude Include="..\Public\Player.h">
      <Filter>02. GameObjects\02. Character\01. Player</Filter>
    </ClInclude>
    <ClInclude Include="..\Public\PlayerState_ClawAttack_Short.h">
      <Filter>02. GameObjects\02. Character\01. Player\State\11. PlayerState_ClawAttack\ClawAttack_Short</Filter>
    </ClInclude>
    <ClInclude Include="..\public\Villager_F.h">
      <Filter>02. GameObjects\02. Character\02. Enemy\Enemies\Normal\Villager_F</Filter>
    </ClInclude>
    <ClInclude Include="..\Public\VillagerFState_Base.h">
      <Filter>02. GameObjects\02. Character\02. Enemy\Enemies\Normal\Villager_F\State\00. VillagerFState_Base</Filter>
    </ClInclude>
    <ClInclude Include="..\Public\VillagerF_States.h">
      <Filter>02. GameObjects\02. Character\02. Enemy\Enemies\Normal\Villager_F\Define</Filter>
    </ClInclude>
    <ClInclude Include="..\Public\VillagerF_Enums.h">
      <Filter>02. GameObjects\02. Character\02. Enemy\Enemies\Normal\Villager_F\Define</Filter>
    </ClInclude>
    <ClInclude Include="..\Public\VillagerFState_Idle.h">
      <Filter>02. GameObjects\02. Character\02. Enemy\Enemies\Normal\Villager_F\State\01. VillagerFState_Idle</Filter>
    </ClInclude>
    <ClInclude Include="..\Public\PerceptionBounding.h">
      <Filter>02. GameObjects\02. Character\02. Enemy\PerceptionBounding</Filter>
    </ClInclude>
    <ClInclude Include="..\Public\VillagerFState_Attack1.h">
      <Filter>02. GameObjects\02. Character\02. Enemy\Enemies\Normal\Villager_F\State\03. VillagerFState_Attack\VillagerFState_Attack1</Filter>
    </ClInclude>
    <ClInclude Include="..\Public\VillagerFState_Walk.h">
      <Filter>02. GameObjects\02. Character\02. Enemy\Enemies\Normal\Villager_F\State\02. VillagerFState_Walk</Filter>
    </ClInclude>
    <ClInclude Include="..\Public\VillagerFState_Attack2.h">
      <Filter>02. GameObjects\02. Character\02. Enemy\Enemies\Normal\Villager_F\State\03. VillagerFState_Attack\VillagerFState_Attack2</Filter>
    </ClInclude>
    <ClInclude Include="..\Public\VillagerFState_Attack3.h">
      <Filter>02. GameObjects\02. Character\02. Enemy\Enemies\Normal\Villager_F\State\03. VillagerFState_Attack\VillagerFState_Attack3</Filter>
    </ClInclude>
    <ClInclude Include="..\Public\VillagerFState_Hit.h">
      <Filter>02. GameObjects\02. Character\02. Enemy\Enemies\Normal\Villager_F\State\04. VillagerFState_Hit</Filter>
    </ClInclude>
    <ClInclude Include="..\Public\Villager_M.h">
      <Filter>02. GameObjects\02. Character\02. Enemy\Enemies\Normal\Villager_M</Filter>
    </ClInclude>
    <ClInclude Include="..\Public\VillagerMState_Base.h">
      <Filter>02. GameObjects\02. Character\02. Enemy\Enemies\Normal\Villager_M\State\00. VillagerMState_Base</Filter>
    </ClInclude>
    <ClInclude Include="..\Public\VillagerMState_Idle.h">
      <Filter>02. GameObjects\02. Character\02. Enemy\Enemies\Normal\Villager_M\State\01. VillagerMState_Idle</Filter>
    </ClInclude>
    <ClInclude Include="..\Public\VillagerMState_Walk.h">
      <Filter>02. GameObjects\02. Character\02. Enemy\Enemies\Normal\Villager_M\State\02. VillagerMState_Walk</Filter>
    </ClInclude>
    <ClInclude Include="..\Public\VillagerMState_Attack.h">
      <Filter>02. GameObjects\02. Character\02. Enemy\Enemies\Normal\Villager_M\State\03. VillagerMState_Attack</Filter>
    </ClInclude>
    <ClInclude Include="..\Public\VillagerMState_Hit.h">
      <Filter>02. GameObjects\02. Character\02. Enemy\Enemies\Normal\Villager_M\State\04. VillagerMState_Hit</Filter>
    </ClInclude>
    <ClInclude Include="..\Public\VillagerMState_Death.h">
      <Filter>02. GameObjects\02. Character\02. Enemy\Enemies\Normal\Villager_M\State\06. VillagerMState_Death</Filter>
    </ClInclude>
    <ClInclude Include="..\Public\VillagerM_States.h">
      <Filter>02. GameObjects\02. Character\02. Enemy\Enemies\Normal\Villager_M\Define</Filter>
    </ClInclude>
    <ClInclude Include="..\Public\VillagerM_Enums.h">
      <Filter>02. GameObjects\02. Character\02. Enemy\Enemies\Normal\Villager_M\Define</Filter>
    </ClInclude>
    <ClInclude Include="..\Public\Joker.h">
      <Filter>02. GameObjects\02. Character\02. Enemy\Enemies\Elite\Joker</Filter>
    </ClInclude>
    <ClInclude Include="..\Public\Joker_Enums.h">
      <Filter>02. GameObjects\02. Character\02. Enemy\Enemies\Elite\Joker\Define</Filter>
    </ClInclude>
    <ClInclude Include="..\Public\Joker_States.h">
      <Filter>02. GameObjects\02. Character\02. Enemy\Enemies\Elite\Joker\Define</Filter>
    </ClInclude>
    <ClInclude Include="..\Public\JokerState_Base.h">
      <Filter>02. GameObjects\02. Character\02. Enemy\Enemies\Elite\Joker\State\00. JokerState_Base</Filter>
    </ClInclude>
    <ClInclude Include="..\Public\JokerState_Idle.h">
      <Filter>02. GameObjects\02. Character\02. Enemy\Enemies\Elite\Joker\State\01. JokerState_Idle</Filter>
    </ClInclude>
    <ClInclude Include="..\Public\JokerState_ComboA.h">
      <Filter>02. GameObjects\02. Character\02. Enemy\Enemies\Elite\Joker\State\03. JokerState_Attack\JokerState_ComboA</Filter>
    </ClInclude>
    <ClInclude Include="..\Public\JokerState_ComboB.h">
      <Filter>02. GameObjects\02. Character\02. Enemy\Enemies\Elite\Joker\State\03. JokerState_Attack\JokerState_ComboB</Filter>
    </ClInclude>
    <ClInclude Include="..\Public\JokerState_TurnAttack_R.h">
      <Filter>02. GameObjects\02. Character\02. Enemy\Enemies\Elite\Joker\State\03. JokerState_Attack\JokerState_TurnAttack_R</Filter>
    </ClInclude>
    <ClInclude Include="..\Public\JokerState_TurnAttack_L.h">
      <Filter>02. GameObjects\02. Character\02. Enemy\Enemies\Elite\Joker\State\03. JokerState_Attack\JokerState_TurnAttack_L</Filter>
    </ClInclude>
    <ClInclude Include="..\Public\JokerState_Walk.h">
      <Filter>02. GameObjects\02. Character\02. Enemy\Enemies\Elite\Joker\State\02. JokerState_Walk</Filter>
    </ClInclude>
    <ClInclude Include="..\Public\JokerState_WheelWind_Start.h">
      <Filter>02. GameObjects\02. Character\02. Enemy\Enemies\Elite\Joker\State\03. JokerState_Attack\JokerState_WheelWind\WheelWind_Start</Filter>
    </ClInclude>
    <ClInclude Include="..\Public\JokerState_WheelWind_Loop.h">
      <Filter>02. GameObjects\02. Character\02. Enemy\Enemies\Elite\Joker\State\03. JokerState_Attack\JokerState_WheelWind\WheelWind_Loop</Filter>
    </ClInclude>
    <ClInclude Include="..\Public\JokerState_WheelWind_End.h">
      <Filter>02. GameObjects\02. Character\02. Enemy\Enemies\Elite\Joker\State\03. JokerState_Attack\JokerState_WheelWind\WheelWind_End</Filter>
    </ClInclude>
    <ClInclude Include="..\Public\JokerState_JumpAttack.h">
      <Filter>02. GameObjects\02. Character\02. Enemy\Enemies\Elite\Joker\State\03. JokerState_Attack\JokerState_JumpAttack</Filter>
    </ClInclude>
    <ClInclude Include="..\Public\JokerState_StrongAttack.h">
      <Filter>02. GameObjects\02. Character\02. Enemy\Enemies\Elite\Joker\State\03. JokerState_Attack\JokerState_StrongAttack</Filter>
    </ClInclude>
    <ClInclude Include="..\Public\UI_BossBar.h">
      <Filter>04. UI\InGameUI\04. UI_BossBar</Filter>
    </ClInclude>
    <ClInclude Include="..\Public\PlayerState_ClawAttack_ShortEnd.h">
      <Filter>02. GameObjects\02. Character\01. Player\State\11. PlayerState_ClawAttack\ClawAttack_Short\ClawAttack_ShortEnd</Filter>
    </ClInclude>
    <ClInclude Include="..\Public\VillagerMState_Stunned_Start.h">
      <Filter>02. GameObjects\02. Character\02. Enemy\Enemies\Normal\Villager_M\State\05. VillagerMState_Stunned\Stunned_Start</Filter>
    </ClInclude>
    <ClInclude Include="..\Public\VillagerMState_Stunned_Loop.h">
      <Filter>02. GameObjects\02. Character\02. Enemy\Enemies\Normal\Villager_M\State\05. VillagerMState_Stunned\Stunned_Loop</Filter>
    </ClInclude>
    <ClInclude Include="..\Public\PlayerState_Execution_Default.h">
      <Filter>02. GameObjects\02. Character\01. Player\State\13. PlayerState_Execution\Default</Filter>
    </ClInclude>
    <ClInclude Include="..\Public\UI_StunnedMark.h">
      <Filter>04. UI\InGameUI\06. UI_StunnedMark</Filter>
    </ClInclude>
    <ClInclude Include="..\Public\VillagerFState_Stunned_Start.h">
      <Filter>02. GameObjects\02. Character\02. Enemy\Enemies\Normal\Villager_F\State\05. VillagerFState_Stunned\Stunned_Start</Filter>
    </ClInclude>
    <ClInclude Include="..\Public\VillagerFState_Stunned_Loop.h">
      <Filter>02. GameObjects\02. Character\02. Enemy\Enemies\Normal\Villager_F\State\05. VillagerFState_Stunned\Stunned_Loop</Filter>
    </ClInclude>
    <ClInclude Include="..\Public\VillagerFState_Death.h">
      <Filter>02. GameObjects\02. Character\02. Enemy\Enemies\Normal\Villager_F\State\06. VillagerFState_Death</Filter>
    </ClInclude>
    <ClInclude Include="..\Public\JokerState_Stunned_Start.h">
      <Filter>02. GameObjects\02. Character\02. Enemy\Enemies\Elite\Joker\State\04. JokerState_Stunned\Stunned_Start</Filter>
    </ClInclude>
    <ClInclude Include="..\Public\JokerState_Stunned_Loop.h">
      <Filter>02. GameObjects\02. Character\02. Enemy\Enemies\Elite\Joker\State\04. JokerState_Stunned\Stunned_Loop</Filter>
    </ClInclude>
    <ClInclude Include="..\Public\PlayerState_Execution_Joker.h">
      <Filter>02. GameObjects\02. Character\01. Player\State\13. PlayerState_Execution\Joker</Filter>
    </ClInclude>
    <ClInclude Include="..\Public\JokerState_Executed_Start.h">
      <Filter>02. GameObjects\02. Character\02. Enemy\Enemies\Elite\Joker\State\05. JokerState_Executed\Executed_Start</Filter>
    </ClInclude>
    <ClInclude Include="..\Public\JokerState_Executed_End.h">
      <Filter>02. GameObjects\02. Character\02. Enemy\Enemies\Elite\Joker\State\05. JokerState_Executed\Executed_End</Filter>
    </ClInclude>
  </ItemGroup>
  <ItemGroup>
    <ClCompile Include="stdafx.cpp">
      <Filter>98. Default</Filter>
    </ClCompile>
    <ClCompile Include="..\Private\MainApp.cpp">
      <Filter>00. MainApp</Filter>
    </ClCompile>
    <ClCompile Include="..\Private\Level_Loading.cpp">
      <Filter>01. Levels\00. Loading</Filter>
    </ClCompile>
    <ClCompile Include="..\Private\Loader.cpp">
      <Filter>01. Levels\00. Loading\Loader</Filter>
    </ClCompile>
    <ClCompile Include="..\Private\Level_GamePlay.cpp">
      <Filter>01. Levels\02. GamePlay</Filter>
    </ClCompile>
    <ClCompile Include="..\Private\Background.cpp">
      <Filter>02. GameObjects\00. Background</Filter>
    </ClCompile>
    <ClCompile Include="..\Private\Free_Camera.cpp">
      <Filter>02. GameObjects\01. Camera\Free_Camera</Filter>
    </ClCompile>
    <ClCompile Include="..\Private\Level_Tool.cpp">
      <Filter>01. Levels\03. Tool</Filter>
    </ClCompile>
    <ClCompile Include="..\Private\ImGui_Main.cpp">
      <Filter>100. IMGUI\00. ImGui_Main</Filter>
    </ClCompile>
    <ClCompile Include="..\Private\ToolState.cpp">
      <Filter>100. IMGUI\00. ToolState</Filter>
    </ClCompile>
    <ClCompile Include="..\Private\Anim_Tool.cpp">
      <Filter>100. IMGUI\01. Anim_Tool</Filter>
    </ClCompile>
    <ClCompile Include="..\Private\Map_Tool.cpp">
      <Filter>100. IMGUI\02. Map_Tool</Filter>
    </ClCompile>
    <ClCompile Include="..\Private\ToolMapObj.cpp">
      <Filter>02. GameObjects\99. ToolObject\1. ToolMapObj</Filter>
    </ClCompile>
    <ClCompile Include="Client.cpp">
      <Filter>98. Default</Filter>
    </ClCompile>
    <ClCompile Include="..\Private\Client_Functions.cpp">
      <Filter>99. Defines</Filter>
    </ClCompile>
    <ClCompile Include="..\Private\TestGround.cpp">
      <Filter>02. GameObjects</Filter>
    </ClCompile>
    <ClCompile Include="..\Private\Main_Camera.cpp">
      <Filter>02. GameObjects\01. Camera\Main_Camera</Filter>
    </ClCompile>
    <ClCompile Include="..\Private\PlayerState_Idle.cpp">
      <Filter>02. GameObjects\02. Character\01. Player\State\01. PlayerState_Idle</Filter>
    </ClCompile>
    <ClCompile Include="..\Private\PlayerState_Base.cpp">
      <Filter>02. GameObjects\02. Character\01. Player\State\00. PlayerState_Base</Filter>
    </ClCompile>
    <ClCompile Include="..\Private\PlayerState_Jog.cpp">
      <Filter>02. GameObjects\02. Character\01. Player\State\02. PlayerState_Jog</Filter>
    </ClCompile>
    <ClCompile Include="..\Private\ToolAnimObj.cpp">
      <Filter>02. GameObjects\99. ToolObject\2. ToolAnimObj</Filter>
    </ClCompile>
    <ClCompile Include="..\Private\PlayerState_Sprint.cpp">
      <Filter>02. GameObjects\02. Character\01. Player\State\03. PlayerState_Sprint</Filter>
    </ClCompile>
    <ClCompile Include="..\Private\Weapon.cpp">
      <Filter>02. GameObjects\03. Weapon</Filter>
    </ClCompile>
    <ClCompile Include="..\Private\TestPlay_Tool.cpp">
      <Filter>100. IMGUI\99. TestPlay_Tool</Filter>
    </ClCompile>
    <ClCompile Include="..\Private\PlayerState_Attack.cpp">
      <Filter>02. GameObjects\02. Character\01. Player\State\05. PlayerState_Attack</Filter>
    </ClCompile>
    <ClCompile Include="..\Private\State_Base.cpp">
      <Filter>03. State</Filter>
    </ClCompile>
    <ClCompile Include="..\Private\ToolColliderObj.cpp">
      <Filter>02. GameObjects\99. ToolObject\3. ToolColliderObj</Filter>
    </ClCompile>
    <ClCompile Include="..\Private\PlayerStats.cpp">
      <Filter>02. GameObjects\02. Character\01. Player\PlayerStat</Filter>
    </ClCompile>
    <ClCompile Include="..\Private\OdurState_Idle.cpp">
      <Filter>02. GameObjects\02. Character\02. Enemy\Enemies\Boss\01. Odur\State\01. OdurState_Idle</Filter>
    </ClCompile>
    <ClCompile Include="..\Private\OdurState_Base.cpp">
      <Filter>02. GameObjects\02. Character\02. Enemy\Enemies\Boss\01. Odur\State\00. OdurState_Base</Filter>
    </ClCompile>
    <ClCompile Include="..\Private\UI.cpp">
      <Filter>04. UI</Filter>
    </ClCompile>
    <ClCompile Include="..\Private\UI_LockOn.cpp">
      <Filter>04. UI\InGameUI\01. UI_LockOn</Filter>
    </ClCompile>
    <ClCompile Include="..\Private\UI_Manager.cpp">
      <Filter>04. UI\Manager</Filter>
    </ClCompile>
    <ClCompile Include="..\Private\PlayerState_LockOn.cpp">
      <Filter>02. GameObjects\02. Character\01. Player\State\06. PlayerState_LockOn</Filter>
    </ClCompile>
    <ClCompile Include="..\Private\OdurState_Hit.cpp">
      <Filter>02. GameObjects\02. Character\02. Enemy\Enemies\Boss\01. Odur\State\03. OdurState_Hit</Filter>
    </ClCompile>
    <ClCompile Include="..\Private\Character.cpp">
      <Filter>02. GameObjects\02. Character</Filter>
    </ClCompile>
    <ClCompile Include="..\Private\PlayerState_Avoid.cpp">
      <Filter>02. GameObjects\02. Character\01. Player\State\04. PlayerState_Avoid</Filter>
    </ClCompile>
    <ClCompile Include="..\Private\PlayerState_Parry.cpp">
      <Filter>02. GameObjects\02. Character\01. Player\State\07. PlayerState_Parry</Filter>
    </ClCompile>
    <ClCompile Include="..\Private\PlayerState_ParrySuccess.cpp">
      <Filter>02. GameObjects\02. Character\01. Player\State\07. PlayerState_Parry\PlayerState_ParrySucess</Filter>
    </ClCompile>
    <ClCompile Include="..\Private\OdurState_CaneAttack1.cpp">
      <Filter>02. GameObjects\02. Character\02. Enemy\Enemies\Boss\01. Odur\State\04. OdurState_Attack\OdurState_CaneAttack1</Filter>
    </ClCompile>
    <ClCompile Include="..\Private\OdurState_Walk.cpp">
      <Filter>02. GameObjects\02. Character\02. Enemy\Enemies\Boss\01. Odur\State\02. OdurState_Walk</Filter>
    </ClCompile>
    <ClCompile Include="..\Private\OdurState_CaneAttack2.cpp">
      <Filter>02. GameObjects\02. Character\02. Enemy\Enemies\Boss\01. Odur\State\04. OdurState_Attack\OdurState_CaneAttack2</Filter>
    </ClCompile>
    <ClCompile Include="..\Private\OdurState_DisappearWalk.cpp">
      <Filter>02. GameObjects\02. Character\02. Enemy\Enemies\Boss\01. Odur\State\05. OdurState_DisappearWalk</Filter>
    </ClCompile>
    <ClCompile Include="..\Private\OdurState_DisappearMove.cpp">
      <Filter>02. GameObjects\02. Character\02. Enemy\Enemies\Boss\01. Odur\State\06. OdurState_DisappearMove</Filter>
    </ClCompile>
    <ClCompile Include="..\Private\OdurState_Appear.cpp">
      <Filter>02. GameObjects\02. Character\02. Enemy\Enemies\Boss\01. Odur\State\07. OdurState_Appear</Filter>
    </ClCompile>
    <ClCompile Include="..\Private\OdurState_KickCombo.cpp">
      <Filter>02. GameObjects\02. Character\02. Enemy\Enemies\Boss\01. Odur\State\04. OdurState_Attack\OdurState_KickCombo</Filter>
    </ClCompile>
    <ClCompile Include="..\Private\OdurState_Parry.cpp">
      <Filter>02. GameObjects\02. Character\02. Enemy\Enemies\Boss\01. Odur\State\08. OdurState_Parry</Filter>
    </ClCompile>
    <ClCompile Include="..\Private\PlayerState_Hit.cpp">
      <Filter>02. GameObjects\02. Character\01. Player\State\08. PlayerState_Hit</Filter>
    </ClCompile>
    <ClCompile Include="..\Private\PlayerState_Parried.cpp">
      <Filter>02. GameObjects\02. Character\01. Player\State\09. PlayerState_Parried</Filter>
    </ClCompile>
    <ClCompile Include="..\Private\EnemyStats.cpp">
      <Filter>02. GameObjects\02. Character\02. Enemy\Stats</Filter>
    </ClCompile>
    <ClCompile Include="..\Private\OdurState_ThrowCard.cpp">
      <Filter>02. GameObjects\02. Character\02. Enemy\Enemies\Boss\01. Odur\State\09. OdurState_ThrowCard</Filter>
    </ClCompile>
    <ClCompile Include="..\Private\Odur_Card.cpp">
      <Filter>02. GameObjects\02. Character\02. Enemy\Enemies\Boss\01. Odur\Card</Filter>
    </ClCompile>
    <ClCompile Include="..\Private\Odur.cpp">
      <Filter>02. GameObjects\02. Character\02. Enemy\Enemies\Boss\01. Odur</Filter>
    </ClCompile>
    <ClCompile Include="..\Private\PlayerState_Cutscene.cpp">
      <Filter>02. GameObjects\02. Character\01. Player\State\99. PlayerState_Cutscene</Filter>
    </ClCompile>
    <ClCompile Include="..\Private\PlayerState_Finish.cpp">
      <Filter>02. GameObjects\02. Character\01. Player\State\97. PlayerState_Finish</Filter>
    </ClCompile>
    <ClCompile Include="..\Private\PlayerState_Executed.cpp">
      <Filter>02. GameObjects\02. Character\01. Player\State\98. PlayerState_Executed</Filter>
    </ClCompile>
    <ClCompile Include="..\Private\OdurState_Execute.cpp">
      <Filter>02. GameObjects\02. Character\02. Enemy\Enemies\Boss\01. Odur\State\10. OdurState_Execute</Filter>
    </ClCompile>
    <ClCompile Include="..\Private\OdurState_ReadyExecution.cpp">
      <Filter>02. GameObjects\02. Character\02. Enemy\Enemies\Boss\01. Odur\State\10. OdurState_Execute\OdurState_ReadyExecution</Filter>
    </ClCompile>
    <ClCompile Include="..\Private\ToolNaviCell.cpp">
      <Filter>02. GameObjects\99. ToolObject\4. ToolNaviCell</Filter>
    </ClCompile>
    <ClCompile Include="..\Private\ToolNaviCellPoint.cpp">
      <Filter>02. GameObjects\99. ToolObject\4. ToolNaviCell\ToolNaviCellPoint</Filter>
    </ClCompile>
    <ClCompile Include="..\Private\EventTrigger.cpp">
      <Filter>02. GameObjects\04. MapObject\EventTrigger</Filter>
    </ClCompile>
    <ClCompile Include="..\private\OdurState_Cutscene.cpp">
      <Filter>02. GameObjects\02. Character\02. Enemy\Enemies\Boss\01. Odur\State\99. OdurState_Cutscene</Filter>
    </ClCompile>
    <ClCompile Include="..\Private\Odur_Card_Cutscene.cpp">
      <Filter>02. GameObjects\02. Character\02. Enemy\Enemies\Boss\01. Odur\Card\For_Cutscene</Filter>
    </ClCompile>
    <ClCompile Include="..\Private\Cutscene_Manager.cpp">
      <Filter>97. Managers\01. Cutscene_Manager</Filter>
    </ClCompile>
    <ClCompile Include="..\Private\Fade_Manager.cpp">
      <Filter>97. Managers\02. Fade_Manager</Filter>
    </ClCompile>
    <ClCompile Include="..\Private\FadeScreen.cpp">
      <Filter>04. UI\InGameUI\00. FadeScreen</Filter>
    </ClCompile>
    <ClCompile Include="..\Private\MapObject.cpp">
      <Filter>02. GameObjects\04. MapObject</Filter>
    </ClCompile>
    <ClCompile Include="..\Private\Enemy.cpp">
      <Filter>02. GameObjects\02. Character\02. Enemy</Filter>
    </ClCompile>
    <ClCompile Include="..\Private\OdurState_ExecutionDisappear.cpp">
      <Filter>02. GameObjects\02. Character\02. Enemy\Enemies\Boss\01. Odur\State\10. OdurState_Execute\OdurState_ExecutionDisappear</Filter>
    </ClCompile>
    <ClCompile Include="..\Private\UI_PlayerBar.cpp">
      <Filter>04. UI\InGameUI\02. UI_PlayerBar</Filter>
    </ClCompile>
    <ClCompile Include="..\Private\ProgressBar.cpp">
      <Filter>04. UI\UI_Component\ProgressBar</Filter>
    </ClCompile>
    <ClCompile Include="..\Private\MyText.cpp" />
    <ClCompile Include="..\Private\UI_EnemyBar.cpp">
      <Filter>04. UI\InGameUI\03. UI_EnemyBar</Filter>
    </ClCompile>
    <ClCompile Include="..\Private\UI_DamageFont.cpp">
      <Filter>04. UI\InGameUI\05 .UI_DamageFont</Filter>
    </ClCompile>
    <ClCompile Include="..\Private\PlayerState_ChargeStart.cpp">
      <Filter>02. GameObjects\02. Character\01. Player\State\10. PlayerState_Charge\Charge_Start</Filter>
    </ClCompile>
    <ClCompile Include="..\Private\PlayerState_ChargeComplete.cpp">
      <Filter>02. GameObjects\02. Character\01. Player\State\10. PlayerState_Charge\Charge_Complete</Filter>
    </ClCompile>
    <ClCompile Include="..\Private\PlayerState_ClawAttack_Long.cpp">
      <Filter>02. GameObjects\02. Character\01. Player\State\11. PlayerState_ClawAttack\ClawAttack_Long</Filter>
    </ClCompile>
    <ClCompile Include="..\Private\PlayerState_ChargeLoop.cpp">
      <Filter>02. GameObjects\02. Character\01. Player\State\10. PlayerState_Charge\Charge_Loop</Filter>
    </ClCompile>
    <ClCompile Include="..\Private\PlayerState_Steal.cpp">
      <Filter>02. GameObjects\02. Character\01. Player\State\12. PlayerState_Steal</Filter>
    </ClCompile>
    <ClCompile Include="..\Private\PlayerState_StealRush.cpp">
      <Filter>02. GameObjects\02. Character\01. Player\State\12. PlayerState_Steal\PlayerState_StealRush</Filter>
    </ClCompile>
    <ClCompile Include="..\Private\Player.cpp">
      <Filter>02. GameObjects\02. Character\01. Player</Filter>
    </ClCompile>
    <ClCompile Include="..\Private\PlayerState_ClawAttack_Short.cpp">
      <Filter>02. GameObjects\02. Character\01. Player\State\11. PlayerState_ClawAttack\ClawAttack_Short</Filter>
    </ClCompile>
    <ClCompile Include="..\Private\Villager_F.cpp">
      <Filter>02. GameObjects\02. Character\02. Enemy\Enemies\Normal\Villager_F</Filter>
    </ClCompile>
    <ClCompile Include="..\Private\VillagerFState_Base.cpp">
      <Filter>02. GameObjects\02. Character\02. Enemy\Enemies\Normal\Villager_F\State\00. VillagerFState_Base</Filter>
    </ClCompile>
    <ClCompile Include="..\Private\VillagerFState_Idle.cpp">
      <Filter>02. GameObjects\02. Character\02. Enemy\Enemies\Normal\Villager_F\State\01. VillagerFState_Idle</Filter>
    </ClCompile>
    <ClCompile Include="..\Private\PerceptionBounding.cpp">
      <Filter>02. GameObjects\02. Character\02. Enemy\PerceptionBounding</Filter>
    </ClCompile>
    <ClCompile Include="..\Private\VillagerFState_Attack1.cpp">
      <Filter>02. GameObjects\02. Character\02. Enemy\Enemies\Normal\Villager_F\State\03. VillagerFState_Attack\VillagerFState_Attack1</Filter>
    </ClCompile>
    <ClCompile Include="..\Private\VillagerFState_Walk.cpp">
      <Filter>02. GameObjects\02. Character\02. Enemy\Enemies\Normal\Villager_F\State\02. VillagerFState_Walk</Filter>
    </ClCompile>
    <ClCompile Include="..\Private\VillagerFState_Attack2.cpp">
      <Filter>02. GameObjects\02. Character\02. Enemy\Enemies\Normal\Villager_F\State\03. VillagerFState_Attack\VillagerFState_Attack2</Filter>
    </ClCompile>
    <ClCompile Include="..\Private\VillagerFState_Attack3.cpp">
      <Filter>02. GameObjects\02. Character\02. Enemy\Enemies\Normal\Villager_F\State\03. VillagerFState_Attack\VillagerFState_Attack3</Filter>
    </ClCompile>
    <ClCompile Include="..\Private\VillagerFState_Hit.cpp">
      <Filter>02. GameObjects\02. Character\02. Enemy\Enemies\Normal\Villager_F\State\04. VillagerFState_Hit</Filter>
    </ClCompile>
    <ClCompile Include="..\Private\Villager_M.cpp">
      <Filter>02. GameObjects\02. Character\02. Enemy\Enemies\Normal\Villager_M</Filter>
    </ClCompile>
    <ClCompile Include="..\Private\VillagerMState_Base.cpp">
      <Filter>02. GameObjects\02. Character\02. Enemy\Enemies\Normal\Villager_M\State\00. VillagerMState_Base</Filter>
    </ClCompile>
    <ClCompile Include="..\Private\VillagerMState_Idle.cpp">
      <Filter>02. GameObjects\02. Character\02. Enemy\Enemies\Normal\Villager_M\State\01. VillagerMState_Idle</Filter>
    </ClCompile>
    <ClCompile Include="..\Private\VillagerMState_Walk.cpp">
      <Filter>02. GameObjects\02. Character\02. Enemy\Enemies\Normal\Villager_M\State\02. VillagerMState_Walk</Filter>
    </ClCompile>
    <ClCompile Include="..\Private\VillagerMState_Attack.cpp">
      <Filter>02. GameObjects\02. Character\02. Enemy\Enemies\Normal\Villager_M\State\03. VillagerMState_Attack</Filter>
    </ClCompile>
    <ClCompile Include="..\Private\VillagerMState_Hit.cpp">
      <Filter>02. GameObjects\02. Character\02. Enemy\Enemies\Normal\Villager_M\State\04. VillagerMState_Hit</Filter>
    </ClCompile>
    <ClCompile Include="..\Private\VillagerMState_Death.cpp">
      <Filter>02. GameObjects\02. Character\02. Enemy\Enemies\Normal\Villager_M\State\06. VillagerMState_Death</Filter>
    </ClCompile>
    <ClCompile Include="..\Private\Cutscene_Actor.cpp">
      <Filter>05. Interface\01. Cutscene_Actor</Filter>
    </ClCompile>
    <ClCompile Include="..\Private\Joker.cpp">
      <Filter>02. GameObjects\02. Character\02. Enemy\Enemies\Elite\Joker</Filter>
    </ClCompile>
    <ClCompile Include="..\Private\JokerState_Base.cpp">
      <Filter>02. GameObjects\02. Character\02. Enemy\Enemies\Elite\Joker\State\00. JokerState_Base</Filter>
    </ClCompile>
    <ClCompile Include="..\Private\JokerState_Idle.cpp">
      <Filter>02. GameObjects\02. Character\02. Enemy\Enemies\Elite\Joker\State\01. JokerState_Idle</Filter>
    </ClCompile>
    <ClCompile Include="..\Private\JokerState_ComboA.cpp">
      <Filter>02. GameObjects\02. Character\02. Enemy\Enemies\Elite\Joker\State\03. JokerState_Attack\JokerState_ComboA</Filter>
    </ClCompile>
    <ClCompile Include="..\Private\JokerState_ComboB.cpp">
      <Filter>02. GameObjects\02. Character\02. Enemy\Enemies\Elite\Joker\State\03. JokerState_Attack\JokerState_ComboB</Filter>
    </ClCompile>
    <ClCompile Include="..\Private\JokerState_TurnAttack_R.cpp">
      <Filter>02. GameObjects\02. Character\02. Enemy\Enemies\Elite\Joker\State\03. JokerState_Attack\JokerState_TurnAttack_R</Filter>
    </ClCompile>
    <ClCompile Include="..\Private\JokerState_TurnAttack_L.cpp">
      <Filter>02. GameObjects\02. Character\02. Enemy\Enemies\Elite\Joker\State\03. JokerState_Attack\JokerState_TurnAttack_L</Filter>
    </ClCompile>
    <ClCompile Include="..\Private\JokerState_Walk.cpp">
      <Filter>02. GameObjects\02. Character\02. Enemy\Enemies\Elite\Joker\State\02. JokerState_Walk</Filter>
    </ClCompile>
    <ClCompile Include="..\Private\JokerState_WheelWind_Start.cpp">
      <Filter>02. GameObjects\02. Character\02. Enemy\Enemies\Elite\Joker\State\03. JokerState_Attack\JokerState_WheelWind\WheelWind_Start</Filter>
    </ClCompile>
    <ClCompile Include="..\Private\JokerState_WheelWind_Loop.cpp">
      <Filter>02. GameObjects\02. Character\02. Enemy\Enemies\Elite\Joker\State\03. JokerState_Attack\JokerState_WheelWind\WheelWind_Loop</Filter>
    </ClCompile>
    <ClCompile Include="..\Private\JokerState_WheelWind_End.cpp">
      <Filter>02. GameObjects\02. Character\02. Enemy\Enemies\Elite\Joker\State\03. JokerState_Attack\JokerState_WheelWind\WheelWind_End</Filter>
    </ClCompile>
    <ClCompile Include="..\Private\JokerState_JumpAttack.cpp">
      <Filter>02. GameObjects\02. Character\02. Enemy\Enemies\Elite\Joker\State\03. JokerState_Attack\JokerState_JumpAttack</Filter>
    </ClCompile>
    <ClCompile Include="..\Private\JokerState_StrongAttack.cpp">
      <Filter>02. GameObjects\02. Character\02. Enemy\Enemies\Elite\Joker\State\03. JokerState_Attack\JokerState_StrongAttack</Filter>
    </ClCompile>
    <ClCompile Include="..\Private\UI_BossBar.cpp">
      <Filter>04. UI\InGameUI\04. UI_BossBar</Filter>
    </ClCompile>
    <ClCompile Include="..\Private\PlayerState_ClawAttack_ShortEnd.cpp">
      <Filter>02. GameObjects\02. Character\01. Player\State\11. PlayerState_ClawAttack\ClawAttack_Short\ClawAttack_ShortEnd</Filter>
    </ClCompile>
    <ClCompile Include="..\Private\VillagerMState_Stunned_Start.cpp">
      <Filter>02. GameObjects\02. Character\02. Enemy\Enemies\Normal\Villager_M\State\05. VillagerMState_Stunned\Stunned_Start</Filter>
    </ClCompile>
    <ClCompile Include="..\Private\VillagerMState_Stunned_Loop.cpp">
      <Filter>02. GameObjects\02. Character\02. Enemy\Enemies\Normal\Villager_M\State\05. VillagerMState_Stunned\Stunned_Loop</Filter>
    </ClCompile>
    <ClCompile Include="..\Private\PlayerState_Execution_Default.cpp">
      <Filter>02. GameObjects\02. Character\01. Player\State\13. PlayerState_Execution\Default</Filter>
    </ClCompile>
    <ClCompile Include="..\Private\UI_StunnedMark.cpp">
      <Filter>04. UI\InGameUI\06. UI_StunnedMark</Filter>
    </ClCompile>
    <ClCompile Include="..\Private\VillagerFState_Stunned_Start.cpp">
      <Filter>02. GameObjects\02. Character\02. Enemy\Enemies\Normal\Villager_F\State\05. VillagerFState_Stunned\Stunned_Start</Filter>
    </ClCompile>
    <ClCompile Include="..\Private\VillagerFState_Stunned_Loop.cpp">
      <Filter>02. GameObjects\02. Character\02. Enemy\Enemies\Normal\Villager_F\State\05. VillagerFState_Stunned\Stunned_Loop</Filter>
    </ClCompile>
    <ClCompile Include="..\Private\VillagerFState_Death.cpp">
      <Filter>02. GameObjects\02. Character\02. Enemy\Enemies\Normal\Villager_F\State\06. VillagerFState_Death</Filter>
    </ClCompile>
    <ClCompile Include="..\Private\JokerState_Stunned_Start.cpp">
      <Filter>02. GameObjects\02. Character\02. Enemy\Enemies\Elite\Joker\State\04. JokerState_Stunned\Stunned_Start</Filter>
    </ClCompile>
    <ClCompile Include="..\Private\JokerState_Stunned_Loop.cpp">
      <Filter>02. GameObjects\02. Character\02. Enemy\Enemies\Elite\Joker\State\04. JokerState_Stunned\Stunned_Loop</Filter>
    </ClCompile>
    <ClCompile Include="..\Private\PlayerState_Execution_Joker.cpp">
      <Filter>02. GameObjects\02. Character\01. Player\State\13. PlayerState_Execution\Joker</Filter>
    </ClCompile>
    <ClCompile Include="..\Private\JokerState_Executed_Start.cpp">
      <Filter>02. GameObjects\02. Character\02. Enemy\Enemies\Elite\Joker\State\05. JokerState_Executed\Executed_Start</Filter>
    </ClCompile>
    <ClCompile Include="..\Private\JokerState_Executed_End.cpp">
      <Filter>02. GameObjects\02. Character\02. Enemy\Enemies\Elite\Joker\State\05. JokerState_Executed\Executed_End</Filter>
    </ClCompile>
  </ItemGroup>
  <ItemGroup>
    <Image Include="Client.ico">
      <Filter>98. Default</Filter>
    </Image>
    <Image Include="small.ico">
      <Filter>98. Default</Filter>
    </Image>
  </ItemGroup>
  <ItemGroup>
    <ResourceCompile Include="Client.rc">
      <Filter>98. Default</Filter>
    </ResourceCompile>
  </ItemGroup>
  <ItemGroup>
    <None Include="..\Bin\ShaderFiles\Shader_Defines.hlsli">
      <Filter>96. ShaderFiles</Filter>
    </None>
  </ItemGroup>
  <ItemGroup>
    <FxCompile Include="..\Bin\ShaderFiles\Shader_VtxTex.hlsl">
      <Filter>96. ShaderFiles</Filter>
    </FxCompile>
    <FxCompile Include="..\Bin\ShaderFiles\Shader_VtxAnim.hlsl">
      <Filter>96. ShaderFiles</Filter>
    </FxCompile>
    <FxCompile Include="..\Bin\ShaderFiles\Shader_VtxNonAnim.hlsl">
      <Filter>96. ShaderFiles</Filter>
    </FxCompile>
    <FxCompile Include="..\Bin\ShaderFiles\Shader_UI.hlsl">
      <Filter>96. ShaderFiles</Filter>
    </FxCompile>
    <FxCompile Include="..\Bin\ShaderFiles\Shader_Cell.hlsl">
      <Filter>96. ShaderFiles</Filter>
    </FxCompile>
    <FxCompile Include="..\Bin\ShaderFiles\Shader_Point.hlsl">
      <Filter>96. ShaderFiles</Filter>
    </FxCompile>
  </ItemGroup>
</Project>